// !$*UTF8*$!
{
	archiveVersion = 1;
	classes = {
	};
	objectVersion = 46;
	objects = {

/* Begin PBXBuildFile section */
		B105E03F1E499E87004331E9 /* AppDelegate.swift in Sources */ = {isa = PBXBuildFile; fileRef = B105E03E1E499E87004331E9 /* AppDelegate.swift */; };
		B105E0481E499E87004331E9 /* Assets.xcassets in Resources */ = {isa = PBXBuildFile; fileRef = B105E0471E499E87004331E9 /* Assets.xcassets */; };
		B10FB7A41E56C85200D239B8 /* EventDataController.swift in Sources */ = {isa = PBXBuildFile; fileRef = B10FB7611E56C85200D239B8 /* EventDataController.swift */; };
		B10FB7A51E56C85200D239B8 /* UserDataController.swift in Sources */ = {isa = PBXBuildFile; fileRef = B10FB7621E56C85200D239B8 /* UserDataController.swift */; };
		B10FB7A61E56C85200D239B8 /* Channel.swift in Sources */ = {isa = PBXBuildFile; fileRef = B10FB7641E56C85200D239B8 /* Channel.swift */; };
		B10FB7A71E56C85200D239B8 /* Event.swift in Sources */ = {isa = PBXBuildFile; fileRef = B10FB7651E56C85200D239B8 /* Event.swift */; };
		B10FB7A81E56C85200D239B8 /* Extensions.swift in Sources */ = {isa = PBXBuildFile; fileRef = B10FB7661E56C85200D239B8 /* Extensions.swift */; };
		B10FB7A91E56C85200D239B8 /* Schedule.swift in Sources */ = {isa = PBXBuildFile; fileRef = B10FB7671E56C85200D239B8 /* Schedule.swift */; };
		B10FB7AA1E56C85200D239B8 /* User.swift in Sources */ = {isa = PBXBuildFile; fileRef = B10FB7681E56C85200D239B8 /* User.swift */; };
		B10FB7AB1E56C85200D239B8 /* ChannelDetailViewController.swift in Sources */ = {isa = PBXBuildFile; fileRef = B10FB76A1E56C85200D239B8 /* ChannelDetailViewController.swift */; };
		B10FB7AC1E56C85200D239B8 /* EventDetailTableViewCell.swift in Sources */ = {isa = PBXBuildFile; fileRef = B10FB76C1E56C85200D239B8 /* EventDetailTableViewCell.swift */; };
		B10FB7AD1E56C85200D239B8 /* EventDetailViewController.swift in Sources */ = {isa = PBXBuildFile; fileRef = B10FB76D1E56C85200D239B8 /* EventDetailViewController.swift */; };
		B10FB7AE1E56C85200D239B8 /* EventHeaderTableViewCell.swift in Sources */ = {isa = PBXBuildFile; fileRef = B10FB76E1E56C85200D239B8 /* EventHeaderTableViewCell.swift */; };
		B10FB7AF1E56C85200D239B8 /* LDEventViewController.swift in Sources */ = {isa = PBXBuildFile; fileRef = B10FB76F1E56C85200D239B8 /* LDEventViewController.swift */; };
		B10FB7B01E56C85200D239B8 /* AgeAndGenderSelectingViewController.swift in Sources */ = {isa = PBXBuildFile; fileRef = B10FB7721E56C85200D239B8 /* AgeAndGenderSelectingViewController.swift */; };
		B10FB7B11E56C85200D239B8 /* ChannelSelectingViewController.swift in Sources */ = {isa = PBXBuildFile; fileRef = B10FB7731E56C85200D239B8 /* ChannelSelectingViewController.swift */; };
		B10FB7B21E56C85200D239B8 /* InterestSelectingViewController.swift in Sources */ = {isa = PBXBuildFile; fileRef = B10FB7741E56C85200D239B8 /* InterestSelectingViewController.swift */; };
		B10FB7B31E56C85200D239B8 /* JoinSequence.storyboard in Resources */ = {isa = PBXBuildFile; fileRef = B10FB7751E56C85200D239B8 /* JoinSequence.storyboard */; };
		B10FB7B41E56C85200D239B8 /* JoinSequencePageViewController.swift in Sources */ = {isa = PBXBuildFile; fileRef = B10FB7761E56C85200D239B8 /* JoinSequencePageViewController.swift */; };
		B10FB7B51E56C85200D239B8 /* JoinSequenceViewController.swift in Sources */ = {isa = PBXBuildFile; fileRef = B10FB7771E56C85200D239B8 /* JoinSequenceViewController.swift */; };
		B10FB7B61E56C85200D239B8 /* RegionSelectingViewController.swift in Sources */ = {isa = PBXBuildFile; fileRef = B10FB7781E56C85200D239B8 /* RegionSelectingViewController.swift */; };
		B10FB7B71E56C85200D239B8 /* JoinViewController.swift in Sources */ = {isa = PBXBuildFile; fileRef = B10FB7791E56C85200D239B8 /* JoinViewController.swift */; };
		B10FB7B81E56C85200D239B8 /* Login.storyboard in Resources */ = {isa = PBXBuildFile; fileRef = B10FB77A1E56C85200D239B8 /* Login.storyboard */; };
		B10FB7B91E56C85200D239B8 /* LoginViewController.swift in Sources */ = {isa = PBXBuildFile; fileRef = B10FB77B1E56C85200D239B8 /* LoginViewController.swift */; };
		B10FB7BA1E56C85200D239B8 /* CalendarViewController.swift in Sources */ = {isa = PBXBuildFile; fileRef = B10FB77D1E56C85200D239B8 /* CalendarViewController.swift */; };
		B10FB7BB1E56C85200D239B8 /* HomeTableViewController.swift in Sources */ = {isa = PBXBuildFile; fileRef = B10FB77E1E56C85200D239B8 /* HomeTableViewController.swift */; };
		B10FB7BC1E56C85200D239B8 /* MyPageTableViewController.swift in Sources */ = {isa = PBXBuildFile; fileRef = B10FB77F1E56C85200D239B8 /* MyPageTableViewController.swift */; };
		B10FB7BD1E56C85200D239B8 /* SearchViewController.swift in Sources */ = {isa = PBXBuildFile; fileRef = B10FB7801E56C85200D239B8 /* SearchViewController.swift */; };
		B10FB7BE1E56C85200D239B8 /* Main.storyboard in Resources */ = {isa = PBXBuildFile; fileRef = B10FB7811E56C85200D239B8 /* Main.storyboard */; };
		B10FB7BF1E56C85200D239B8 /* AccessTokenAdapter.swift in Sources */ = {isa = PBXBuildFile; fileRef = B10FB7831E56C85200D239B8 /* AccessTokenAdapter.swift */; };
		B10FB7C01E56C85200D239B8 /* NOTRetrier.swift in Sources */ = {isa = PBXBuildFile; fileRef = B10FB7841E56C85200D239B8 /* NOTRetrier.swift */; };
		B10FB7C11E56C85200D239B8 /* ChannelCollectionViewCell.swift in Sources */ = {isa = PBXBuildFile; fileRef = B10FB7881E56C85200D239B8 /* ChannelCollectionViewCell.swift */; };
		B10FB7C21E56C85200D239B8 /* ChannelCollectionViewCell.xib in Resources */ = {isa = PBXBuildFile; fileRef = B10FB7891E56C85200D239B8 /* ChannelCollectionViewCell.xib */; };
		B10FB7C31E56C85200D239B8 /* ChannelCollectionViewLayout.swift in Sources */ = {isa = PBXBuildFile; fileRef = B10FB78A1E56C85200D239B8 /* ChannelCollectionViewLayout.swift */; };
		B10FB7C41E56C85200D239B8 /* ChannelTableViewCell.swift in Sources */ = {isa = PBXBuildFile; fileRef = B10FB78B1E56C85200D239B8 /* ChannelTableViewCell.swift */; };
		B10FB7C51E56C85200D239B8 /* ChannelTableViewCell.xib in Resources */ = {isa = PBXBuildFile; fileRef = B10FB78C1E56C85200D239B8 /* ChannelTableViewCell.xib */; };
		B10FB7C61E56C85200D239B8 /* CalendarTableViewCell.swift in Sources */ = {isa = PBXBuildFile; fileRef = B10FB78E1E56C85200D239B8 /* CalendarTableViewCell.swift */; };
		B10FB7C71E56C85200D239B8 /* CalendarTableViewCell.xib in Resources */ = {isa = PBXBuildFile; fileRef = B10FB78F1E56C85200D239B8 /* CalendarTableViewCell.xib */; };
		B10FB7C81E56C85200D239B8 /* EventSimpleTableViewCell.swift in Sources */ = {isa = PBXBuildFile; fileRef = B10FB7901E56C85200D239B8 /* EventSimpleTableViewCell.swift */; };
		B10FB7C91E56C85200D239B8 /* EventSimpleTableViewCell.xib in Resources */ = {isa = PBXBuildFile; fileRef = B10FB7911E56C85200D239B8 /* EventSimpleTableViewCell.xib */; };
		B10FB7CA1E56C85200D239B8 /* MonthBarButtonView.swift in Sources */ = {isa = PBXBuildFile; fileRef = B10FB7931E56C85200D239B8 /* MonthBarButtonView.swift */; };
		B10FB7CB1E56C85200D239B8 /* MonthBarButtonView.xib in Resources */ = {isa = PBXBuildFile; fileRef = B10FB7941E56C85200D239B8 /* MonthBarButtonView.xib */; };
		B10FB7CC1E56C85200D239B8 /* ScheduleCalendarViewCell.swift in Sources */ = {isa = PBXBuildFile; fileRef = B10FB7961E56C85200D239B8 /* ScheduleCalendarViewCell.swift */; };
		B10FB7CD1E56C85200D239B8 /* ScheduleCalendarViewCell.xib in Resources */ = {isa = PBXBuildFile; fileRef = B10FB7971E56C85200D239B8 /* ScheduleCalendarViewCell.xib */; };
		B10FB7CE1E56C85200D239B8 /* ScheduleTableViewCell.swift in Sources */ = {isa = PBXBuildFile; fileRef = B10FB7981E56C85200D239B8 /* ScheduleTableViewCell.swift */; };
		B10FB7CF1E56C85200D239B8 /* ScheduleTableViewCell.xib in Resources */ = {isa = PBXBuildFile; fileRef = B10FB7991E56C85200D239B8 /* ScheduleTableViewCell.xib */; };
		B10FB7D01E56C85200D239B8 /* TagCollectionReusableView.swift in Sources */ = {isa = PBXBuildFile; fileRef = B10FB79C1E56C85200D239B8 /* TagCollectionReusableView.swift */; };
		B10FB7D11E56C85200D239B8 /* TagCollectionReusableView.xib in Resources */ = {isa = PBXBuildFile; fileRef = B10FB79D1E56C85200D239B8 /* TagCollectionReusableView.xib */; };
		B10FB7D21E56C85200D239B8 /* TagCollectionViewCell.swift in Sources */ = {isa = PBXBuildFile; fileRef = B10FB79E1E56C85200D239B8 /* TagCollectionViewCell.swift */; };
		B10FB7D31E56C85200D239B8 /* TagCollectionViewCell.xib in Resources */ = {isa = PBXBuildFile; fileRef = B10FB79F1E56C85200D239B8 /* TagCollectionViewCell.xib */; };
		B10FB7D41E56C85200D239B8 /* TagCollectionView.swift in Sources */ = {isa = PBXBuildFile; fileRef = B10FB7A01E56C85200D239B8 /* TagCollectionView.swift */; };
		B10FB7D51E56C85200D239B8 /* TagCollectionViewLayout.swift in Sources */ = {isa = PBXBuildFile; fileRef = B10FB7A11E56C85200D239B8 /* TagCollectionViewLayout.swift */; };
		B10FB7D61E56C85200D239B8 /* UIColor.swift in Sources */ = {isa = PBXBuildFile; fileRef = B10FB7A21E56C85200D239B8 /* UIColor.swift */; };
		B10FB7D71E56C85200D239B8 /* UIMonthPicker.swift in Sources */ = {isa = PBXBuildFile; fileRef = B10FB7A31E56C85200D239B8 /* UIMonthPicker.swift */; };
		B111693C1E5417F800B747E5 /* LaunchScreen.storyboard in Resources */ = {isa = PBXBuildFile; fileRef = B111693A1E5417F800B747E5 /* LaunchScreen.storyboard */; };
		B18C3F1F1E5D2C700085B9B4 /* SettingTableViewController.swift in Sources */ = {isa = PBXBuildFile; fileRef = B18C3F1E1E5D2C700085B9B4 /* SettingTableViewController.swift */; };
		B18C3F221E5D2CF90085B9B4 /* Setting.storyboard in Resources */ = {isa = PBXBuildFile; fileRef = B18C3F211E5D2CF90085B9B4 /* Setting.storyboard */; };
		B1E20AE21E56DF52005D0D4B /* GoogleService-Info.plist in Resources */ = {isa = PBXBuildFile; fileRef = B1E20AE11E56DF52005D0D4B /* GoogleService-Info.plist */; };
		B1E4A0A91E5C70600006D45C /* FilterViewController.swift in Sources */ = {isa = PBXBuildFile; fileRef = B1E4A0A81E5C70600006D45C /* FilterViewController.swift */; };
		D1321CF0D4325B3E979CE174 /* Pods_Linder.framework in Frameworks */ = {isa = PBXBuildFile; fileRef = 89391CC7ECD882E1A725571B /* Pods_Linder.framework */; };
/* End PBXBuildFile section */

/* Begin PBXFileReference section */
		2C5D0846B67A02AA3FF1F1E7 /* Pods-Linder.debug.xcconfig */ = {isa = PBXFileReference; includeInIndex = 1; lastKnownFileType = text.xcconfig; name = "Pods-Linder.debug.xcconfig"; path = "Pods/Target Support Files/Pods-Linder/Pods-Linder.debug.xcconfig"; sourceTree = "<group>"; };
		755550BDAD3A91E83405E0A2 /* Pods-Linder.release.xcconfig */ = {isa = PBXFileReference; includeInIndex = 1; lastKnownFileType = text.xcconfig; name = "Pods-Linder.release.xcconfig"; path = "Pods/Target Support Files/Pods-Linder/Pods-Linder.release.xcconfig"; sourceTree = "<group>"; };
		89391CC7ECD882E1A725571B /* Pods_Linder.framework */ = {isa = PBXFileReference; explicitFileType = wrapper.framework; includeInIndex = 0; path = Pods_Linder.framework; sourceTree = BUILT_PRODUCTS_DIR; };
		B105E03B1E499E87004331E9 /* Linder.app */ = {isa = PBXFileReference; explicitFileType = wrapper.application; includeInIndex = 0; path = Linder.app; sourceTree = BUILT_PRODUCTS_DIR; };
		B105E03E1E499E87004331E9 /* AppDelegate.swift */ = {isa = PBXFileReference; lastKnownFileType = sourcecode.swift; path = AppDelegate.swift; sourceTree = "<group>"; };
		B105E0471E499E87004331E9 /* Assets.xcassets */ = {isa = PBXFileReference; lastKnownFileType = folder.assetcatalog; path = Assets.xcassets; sourceTree = "<group>"; };
		B105E04C1E499E87004331E9 /* Info.plist */ = {isa = PBXFileReference; lastKnownFileType = text.plist.xml; path = Info.plist; sourceTree = "<group>"; };
		B10FB7611E56C85200D239B8 /* EventDataController.swift */ = {isa = PBXFileReference; fileEncoding = 4; lastKnownFileType = sourcecode.swift; path = EventDataController.swift; sourceTree = "<group>"; };
		B10FB7621E56C85200D239B8 /* UserDataController.swift */ = {isa = PBXFileReference; fileEncoding = 4; lastKnownFileType = sourcecode.swift; path = UserDataController.swift; sourceTree = "<group>"; };
		B10FB7641E56C85200D239B8 /* Channel.swift */ = {isa = PBXFileReference; fileEncoding = 4; lastKnownFileType = sourcecode.swift; path = Channel.swift; sourceTree = "<group>"; };
		B10FB7651E56C85200D239B8 /* Event.swift */ = {isa = PBXFileReference; fileEncoding = 4; lastKnownFileType = sourcecode.swift; path = Event.swift; sourceTree = "<group>"; };
		B10FB7661E56C85200D239B8 /* Extensions.swift */ = {isa = PBXFileReference; fileEncoding = 4; lastKnownFileType = sourcecode.swift; path = Extensions.swift; sourceTree = "<group>"; };
		B10FB7671E56C85200D239B8 /* Schedule.swift */ = {isa = PBXFileReference; fileEncoding = 4; lastKnownFileType = sourcecode.swift; path = Schedule.swift; sourceTree = "<group>"; };
		B10FB7681E56C85200D239B8 /* User.swift */ = {isa = PBXFileReference; fileEncoding = 4; lastKnownFileType = sourcecode.swift; path = User.swift; sourceTree = "<group>"; };
		B10FB76A1E56C85200D239B8 /* ChannelDetailViewController.swift */ = {isa = PBXFileReference; fileEncoding = 4; lastKnownFileType = sourcecode.swift; path = ChannelDetailViewController.swift; sourceTree = "<group>"; };
		B10FB76C1E56C85200D239B8 /* EventDetailTableViewCell.swift */ = {isa = PBXFileReference; fileEncoding = 4; lastKnownFileType = sourcecode.swift; path = EventDetailTableViewCell.swift; sourceTree = "<group>"; };
		B10FB76D1E56C85200D239B8 /* EventDetailViewController.swift */ = {isa = PBXFileReference; fileEncoding = 4; lastKnownFileType = sourcecode.swift; path = EventDetailViewController.swift; sourceTree = "<group>"; };
		B10FB76E1E56C85200D239B8 /* EventHeaderTableViewCell.swift */ = {isa = PBXFileReference; fileEncoding = 4; lastKnownFileType = sourcecode.swift; path = EventHeaderTableViewCell.swift; sourceTree = "<group>"; };
		B10FB76F1E56C85200D239B8 /* LDEventViewController.swift */ = {isa = PBXFileReference; fileEncoding = 4; lastKnownFileType = sourcecode.swift; path = LDEventViewController.swift; sourceTree = "<group>"; };
		B10FB7721E56C85200D239B8 /* AgeAndGenderSelectingViewController.swift */ = {isa = PBXFileReference; fileEncoding = 4; lastKnownFileType = sourcecode.swift; path = AgeAndGenderSelectingViewController.swift; sourceTree = "<group>"; };
		B10FB7731E56C85200D239B8 /* ChannelSelectingViewController.swift */ = {isa = PBXFileReference; fileEncoding = 4; lastKnownFileType = sourcecode.swift; path = ChannelSelectingViewController.swift; sourceTree = "<group>"; };
		B10FB7741E56C85200D239B8 /* InterestSelectingViewController.swift */ = {isa = PBXFileReference; fileEncoding = 4; lastKnownFileType = sourcecode.swift; path = InterestSelectingViewController.swift; sourceTree = "<group>"; };
		B10FB7751E56C85200D239B8 /* JoinSequence.storyboard */ = {isa = PBXFileReference; fileEncoding = 4; lastKnownFileType = file.storyboard; path = JoinSequence.storyboard; sourceTree = "<group>"; };
		B10FB7761E56C85200D239B8 /* JoinSequencePageViewController.swift */ = {isa = PBXFileReference; fileEncoding = 4; lastKnownFileType = sourcecode.swift; path = JoinSequencePageViewController.swift; sourceTree = "<group>"; };
		B10FB7771E56C85200D239B8 /* JoinSequenceViewController.swift */ = {isa = PBXFileReference; fileEncoding = 4; lastKnownFileType = sourcecode.swift; path = JoinSequenceViewController.swift; sourceTree = "<group>"; };
		B10FB7781E56C85200D239B8 /* RegionSelectingViewController.swift */ = {isa = PBXFileReference; fileEncoding = 4; lastKnownFileType = sourcecode.swift; path = RegionSelectingViewController.swift; sourceTree = "<group>"; };
		B10FB7791E56C85200D239B8 /* JoinViewController.swift */ = {isa = PBXFileReference; fileEncoding = 4; lastKnownFileType = sourcecode.swift; path = JoinViewController.swift; sourceTree = "<group>"; };
		B10FB77A1E56C85200D239B8 /* Login.storyboard */ = {isa = PBXFileReference; fileEncoding = 4; lastKnownFileType = file.storyboard; path = Login.storyboard; sourceTree = "<group>"; };
		B10FB77B1E56C85200D239B8 /* LoginViewController.swift */ = {isa = PBXFileReference; fileEncoding = 4; lastKnownFileType = sourcecode.swift; path = LoginViewController.swift; sourceTree = "<group>"; };
		B10FB77D1E56C85200D239B8 /* CalendarViewController.swift */ = {isa = PBXFileReference; fileEncoding = 4; lastKnownFileType = sourcecode.swift; path = CalendarViewController.swift; sourceTree = "<group>"; };
		B10FB77E1E56C85200D239B8 /* HomeTableViewController.swift */ = {isa = PBXFileReference; fileEncoding = 4; lastKnownFileType = sourcecode.swift; path = HomeTableViewController.swift; sourceTree = "<group>"; };
		B10FB77F1E56C85200D239B8 /* MyPageTableViewController.swift */ = {isa = PBXFileReference; fileEncoding = 4; lastKnownFileType = sourcecode.swift; path = MyPageTableViewController.swift; sourceTree = "<group>"; };
		B10FB7801E56C85200D239B8 /* SearchViewController.swift */ = {isa = PBXFileReference; fileEncoding = 4; lastKnownFileType = sourcecode.swift; path = SearchViewController.swift; sourceTree = "<group>"; };
		B10FB7811E56C85200D239B8 /* Main.storyboard */ = {isa = PBXFileReference; fileEncoding = 4; lastKnownFileType = file.storyboard; path = Main.storyboard; sourceTree = "<group>"; };
		B10FB7831E56C85200D239B8 /* AccessTokenAdapter.swift */ = {isa = PBXFileReference; fileEncoding = 4; lastKnownFileType = sourcecode.swift; path = AccessTokenAdapter.swift; sourceTree = "<group>"; };
		B10FB7841E56C85200D239B8 /* NOTRetrier.swift */ = {isa = PBXFileReference; fileEncoding = 4; lastKnownFileType = sourcecode.swift; path = NOTRetrier.swift; sourceTree = "<group>"; };
		B10FB7881E56C85200D239B8 /* ChannelCollectionViewCell.swift */ = {isa = PBXFileReference; fileEncoding = 4; lastKnownFileType = sourcecode.swift; path = ChannelCollectionViewCell.swift; sourceTree = "<group>"; };
		B10FB7891E56C85200D239B8 /* ChannelCollectionViewCell.xib */ = {isa = PBXFileReference; fileEncoding = 4; lastKnownFileType = file.xib; path = ChannelCollectionViewCell.xib; sourceTree = "<group>"; };
		B10FB78A1E56C85200D239B8 /* ChannelCollectionViewLayout.swift */ = {isa = PBXFileReference; fileEncoding = 4; lastKnownFileType = sourcecode.swift; path = ChannelCollectionViewLayout.swift; sourceTree = "<group>"; };
		B10FB78B1E56C85200D239B8 /* ChannelTableViewCell.swift */ = {isa = PBXFileReference; fileEncoding = 4; lastKnownFileType = sourcecode.swift; path = ChannelTableViewCell.swift; sourceTree = "<group>"; };
		B10FB78C1E56C85200D239B8 /* ChannelTableViewCell.xib */ = {isa = PBXFileReference; fileEncoding = 4; lastKnownFileType = file.xib; path = ChannelTableViewCell.xib; sourceTree = "<group>"; };
		B10FB78E1E56C85200D239B8 /* CalendarTableViewCell.swift */ = {isa = PBXFileReference; fileEncoding = 4; lastKnownFileType = sourcecode.swift; path = CalendarTableViewCell.swift; sourceTree = "<group>"; };
		B10FB78F1E56C85200D239B8 /* CalendarTableViewCell.xib */ = {isa = PBXFileReference; fileEncoding = 4; lastKnownFileType = file.xib; path = CalendarTableViewCell.xib; sourceTree = "<group>"; };
		B10FB7901E56C85200D239B8 /* EventSimpleTableViewCell.swift */ = {isa = PBXFileReference; fileEncoding = 4; lastKnownFileType = sourcecode.swift; path = EventSimpleTableViewCell.swift; sourceTree = "<group>"; };
		B10FB7911E56C85200D239B8 /* EventSimpleTableViewCell.xib */ = {isa = PBXFileReference; fileEncoding = 4; lastKnownFileType = file.xib; path = EventSimpleTableViewCell.xib; sourceTree = "<group>"; };
		B10FB7931E56C85200D239B8 /* MonthBarButtonView.swift */ = {isa = PBXFileReference; fileEncoding = 4; lastKnownFileType = sourcecode.swift; path = MonthBarButtonView.swift; sourceTree = "<group>"; };
		B10FB7941E56C85200D239B8 /* MonthBarButtonView.xib */ = {isa = PBXFileReference; fileEncoding = 4; lastKnownFileType = file.xib; path = MonthBarButtonView.xib; sourceTree = "<group>"; };
		B10FB7961E56C85200D239B8 /* ScheduleCalendarViewCell.swift */ = {isa = PBXFileReference; fileEncoding = 4; lastKnownFileType = sourcecode.swift; path = ScheduleCalendarViewCell.swift; sourceTree = "<group>"; };
		B10FB7971E56C85200D239B8 /* ScheduleCalendarViewCell.xib */ = {isa = PBXFileReference; fileEncoding = 4; lastKnownFileType = file.xib; path = ScheduleCalendarViewCell.xib; sourceTree = "<group>"; };
		B10FB7981E56C85200D239B8 /* ScheduleTableViewCell.swift */ = {isa = PBXFileReference; fileEncoding = 4; lastKnownFileType = sourcecode.swift; path = ScheduleTableViewCell.swift; sourceTree = "<group>"; };
		B10FB7991E56C85200D239B8 /* ScheduleTableViewCell.xib */ = {isa = PBXFileReference; fileEncoding = 4; lastKnownFileType = file.xib; path = ScheduleTableViewCell.xib; sourceTree = "<group>"; };
		B10FB79C1E56C85200D239B8 /* TagCollectionReusableView.swift */ = {isa = PBXFileReference; fileEncoding = 4; lastKnownFileType = sourcecode.swift; path = TagCollectionReusableView.swift; sourceTree = "<group>"; };
		B10FB79D1E56C85200D239B8 /* TagCollectionReusableView.xib */ = {isa = PBXFileReference; fileEncoding = 4; lastKnownFileType = file.xib; path = TagCollectionReusableView.xib; sourceTree = "<group>"; };
		B10FB79E1E56C85200D239B8 /* TagCollectionViewCell.swift */ = {isa = PBXFileReference; fileEncoding = 4; lastKnownFileType = sourcecode.swift; path = TagCollectionViewCell.swift; sourceTree = "<group>"; };
		B10FB79F1E56C85200D239B8 /* TagCollectionViewCell.xib */ = {isa = PBXFileReference; fileEncoding = 4; lastKnownFileType = file.xib; path = TagCollectionViewCell.xib; sourceTree = "<group>"; };
		B10FB7A01E56C85200D239B8 /* TagCollectionView.swift */ = {isa = PBXFileReference; fileEncoding = 4; lastKnownFileType = sourcecode.swift; path = TagCollectionView.swift; sourceTree = "<group>"; };
		B10FB7A11E56C85200D239B8 /* TagCollectionViewLayout.swift */ = {isa = PBXFileReference; fileEncoding = 4; lastKnownFileType = sourcecode.swift; path = TagCollectionViewLayout.swift; sourceTree = "<group>"; };
		B10FB7A21E56C85200D239B8 /* UIColor.swift */ = {isa = PBXFileReference; fileEncoding = 4; lastKnownFileType = sourcecode.swift; path = UIColor.swift; sourceTree = "<group>"; };
		B10FB7A31E56C85200D239B8 /* UIMonthPicker.swift */ = {isa = PBXFileReference; fileEncoding = 4; lastKnownFileType = sourcecode.swift; path = UIMonthPicker.swift; sourceTree = "<group>"; };
		B111693B1E5417F800B747E5 /* Base */ = {isa = PBXFileReference; lastKnownFileType = file.storyboard; name = Base; path = Base.lproj/LaunchScreen.storyboard; sourceTree = "<group>"; };
		B18C3F1E1E5D2C700085B9B4 /* SettingTableViewController.swift */ = {isa = PBXFileReference; fileEncoding = 4; lastKnownFileType = sourcecode.swift; path = SettingTableViewController.swift; sourceTree = "<group>"; };
		B18C3F211E5D2CF90085B9B4 /* Setting.storyboard */ = {isa = PBXFileReference; fileEncoding = 4; lastKnownFileType = file.storyboard; path = Setting.storyboard; sourceTree = "<group>"; };
		B1E20AE11E56DF52005D0D4B /* GoogleService-Info.plist */ = {isa = PBXFileReference; fileEncoding = 4; lastKnownFileType = text.plist.xml; path = "GoogleService-Info.plist"; sourceTree = "<group>"; };
		B1E4A0A81E5C70600006D45C /* FilterViewController.swift */ = {isa = PBXFileReference; fileEncoding = 4; lastKnownFileType = sourcecode.swift; path = FilterViewController.swift; sourceTree = "<group>"; };
/* End PBXFileReference section */

/* Begin PBXFrameworksBuildPhase section */
		B105E0381E499E87004331E9 /* Frameworks */ = {
			isa = PBXFrameworksBuildPhase;
			buildActionMask = 2147483647;
			files = (
				D1321CF0D4325B3E979CE174 /* Pods_Linder.framework in Frameworks */,
			);
			runOnlyForDeploymentPostprocessing = 0;
		};
/* End PBXFrameworksBuildPhase section */

/* Begin PBXGroup section */
		39BD6626BB1F2C7394BF4938 /* Pods */ = {
			isa = PBXGroup;
			children = (
				2C5D0846B67A02AA3FF1F1E7 /* Pods-Linder.debug.xcconfig */,
				755550BDAD3A91E83405E0A2 /* Pods-Linder.release.xcconfig */,
			);
			name = Pods;
			sourceTree = "<group>";
		};
		8F595A61EFB7D974CA6BC07A /* Frameworks */ = {
			isa = PBXGroup;
			children = (
				89391CC7ECD882E1A725571B /* Pods_Linder.framework */,
			);
			name = Frameworks;
			sourceTree = "<group>";
		};
		B105E0321E499E87004331E9 = {
			isa = PBXGroup;
			children = (
				B105E03D1E499E87004331E9 /* Linder */,
				B105E03C1E499E87004331E9 /* Products */,
				39BD6626BB1F2C7394BF4938 /* Pods */,
				8F595A61EFB7D974CA6BC07A /* Frameworks */,
			);
			sourceTree = "<group>";
		};
		B105E03C1E499E87004331E9 /* Products */ = {
			isa = PBXGroup;
			children = (
				B105E03B1E499E87004331E9 /* Linder.app */,
			);
			name = Products;
			sourceTree = "<group>";
		};
		B105E03D1E499E87004331E9 /* Linder */ = {
			isa = PBXGroup;
			children = (
				B105E03E1E499E87004331E9 /* AppDelegate.swift */,
				B111693A1E5417F800B747E5 /* LaunchScreen.storyboard */,
				B10FB7811E56C85200D239B8 /* Main.storyboard */,
				B10FB7701E56C85200D239B8 /* Login */,
				B10FB77C1E56C85200D239B8 /* Main Tab */,
				B10FB7601E56C85200D239B8 /* Data Controllers */,
				B10FB7631E56C85200D239B8 /* Data Model */,
				B10FB7691E56C85200D239B8 /* Detail View Controllers */,
				B10FB7821E56C85200D239B8 /* Network */,
				B10FB7851E56C85200D239B8 /* View Elements */,
				B105E0471E499E87004331E9 /* Assets.xcassets */,
				B105E04C1E499E87004331E9 /* Info.plist */,
				B1E20AE11E56DF52005D0D4B /* GoogleService-Info.plist */,
			);
			path = Linder;
			sourceTree = "<group>";
		};
		B10FB7601E56C85200D239B8 /* Data Controllers */ = {
			isa = PBXGroup;
			children = (
				B10FB7611E56C85200D239B8 /* EventDataController.swift */,
				B10FB7621E56C85200D239B8 /* UserDataController.swift */,
			);
			path = "Data Controllers";
			sourceTree = "<group>";
		};
		B10FB7631E56C85200D239B8 /* Data Model */ = {
			isa = PBXGroup;
			children = (
				B10FB7641E56C85200D239B8 /* Channel.swift */,
				B10FB7651E56C85200D239B8 /* Event.swift */,
				B10FB7671E56C85200D239B8 /* Schedule.swift */,
				B10FB7661E56C85200D239B8 /* Extensions.swift */,
				B10FB7681E56C85200D239B8 /* User.swift */,
			);
			path = "Data Model";
			sourceTree = "<group>";
		};
		B10FB7691E56C85200D239B8 /* Detail View Controllers */ = {
			isa = PBXGroup;
			children = (
				B10FB76A1E56C85200D239B8 /* ChannelDetailViewController.swift */,
				B10FB76B1E56C85200D239B8 /* Event Detail View */,
				B10FB76F1E56C85200D239B8 /* LDEventViewController.swift */,
			);
			path = "Detail View Controllers";
			sourceTree = "<group>";
		};
		B10FB76B1E56C85200D239B8 /* Event Detail View */ = {
			isa = PBXGroup;
			children = (
				B10FB76D1E56C85200D239B8 /* EventDetailViewController.swift */,
				B10FB76E1E56C85200D239B8 /* EventHeaderTableViewCell.swift */,
				B10FB76C1E56C85200D239B8 /* EventDetailTableViewCell.swift */,
			);
			path = "Event Detail View";
			sourceTree = "<group>";
		};
		B10FB7701E56C85200D239B8 /* Login */ = {
			isa = PBXGroup;
			children = (
				B10FB7711E56C85200D239B8 /* Join Sequence */,
				B10FB7791E56C85200D239B8 /* JoinViewController.swift */,
				B10FB77A1E56C85200D239B8 /* Login.storyboard */,
				B10FB77B1E56C85200D239B8 /* LoginViewController.swift */,
			);
			path = Login;
			sourceTree = "<group>";
		};
		B10FB7711E56C85200D239B8 /* Join Sequence */ = {
			isa = PBXGroup;
			children = (
				B10FB7721E56C85200D239B8 /* AgeAndGenderSelectingViewController.swift */,
				B10FB7731E56C85200D239B8 /* ChannelSelectingViewController.swift */,
				B10FB7741E56C85200D239B8 /* InterestSelectingViewController.swift */,
				B10FB7751E56C85200D239B8 /* JoinSequence.storyboard */,
				B10FB7761E56C85200D239B8 /* JoinSequencePageViewController.swift */,
				B10FB7771E56C85200D239B8 /* JoinSequenceViewController.swift */,
				B10FB7781E56C85200D239B8 /* RegionSelectingViewController.swift */,
			);
			path = "Join Sequence";
			sourceTree = "<group>";
		};
		B10FB77C1E56C85200D239B8 /* Main Tab */ = {
			isa = PBXGroup;
			children = (
				B10FB77E1E56C85200D239B8 /* HomeTableViewController.swift */,
				B1E4A0A71E5C70440006D45C /* Search View */,
				B10FB77D1E56C85200D239B8 /* CalendarViewController.swift */,
				B18C3F201E5D2C770085B9B4 /* MyPage */,
			);
			path = "Main Tab";
			sourceTree = "<group>";
		};
		B10FB7821E56C85200D239B8 /* Network */ = {
			isa = PBXGroup;
			children = (
				B10FB7831E56C85200D239B8 /* AccessTokenAdapter.swift */,
				B10FB7841E56C85200D239B8 /* NOTRetrier.swift */,
			);
			path = Network;
			sourceTree = "<group>";
		};
		B10FB7851E56C85200D239B8 /* View Elements */ = {
			isa = PBXGroup;
			children = (
				B10FB7861E56C85200D239B8 /* Channel Table View */,
				B10FB78D1E56C85200D239B8 /* Event Table View Cell */,
				B10FB7921E56C85200D239B8 /* Month Bar Button View */,
				B10FB7951E56C85200D239B8 /* Schedule Cell */,
				B10FB79A1E56C85200D239B8 /* Tag Cell */,
				B10FB7A21E56C85200D239B8 /* UIColor.swift */,
				B10FB7A31E56C85200D239B8 /* UIMonthPicker.swift */,
			);
			path = "View Elements";
			sourceTree = "<group>";
		};
		B10FB7861E56C85200D239B8 /* Channel Table View */ = {
			isa = PBXGroup;
			children = (
				B10FB7871E56C85200D239B8 /* Channel Collection View */,
				B10FB78B1E56C85200D239B8 /* ChannelTableViewCell.swift */,
				B10FB78C1E56C85200D239B8 /* ChannelTableViewCell.xib */,
			);
			path = "Channel Table View";
			sourceTree = "<group>";
		};
		B10FB7871E56C85200D239B8 /* Channel Collection View */ = {
			isa = PBXGroup;
			children = (
				B10FB7881E56C85200D239B8 /* ChannelCollectionViewCell.swift */,
				B10FB7891E56C85200D239B8 /* ChannelCollectionViewCell.xib */,
				B10FB78A1E56C85200D239B8 /* ChannelCollectionViewLayout.swift */,
			);
			path = "Channel Collection View";
			sourceTree = "<group>";
		};
		B10FB78D1E56C85200D239B8 /* Event Table View Cell */ = {
			isa = PBXGroup;
			children = (
				B10FB78E1E56C85200D239B8 /* CalendarTableViewCell.swift */,
				B10FB78F1E56C85200D239B8 /* CalendarTableViewCell.xib */,
				B10FB7901E56C85200D239B8 /* EventSimpleTableViewCell.swift */,
				B10FB7911E56C85200D239B8 /* EventSimpleTableViewCell.xib */,
			);
			path = "Event Table View Cell";
			sourceTree = "<group>";
		};
		B10FB7921E56C85200D239B8 /* Month Bar Button View */ = {
			isa = PBXGroup;
			children = (
				B10FB7931E56C85200D239B8 /* MonthBarButtonView.swift */,
				B10FB7941E56C85200D239B8 /* MonthBarButtonView.xib */,
			);
			path = "Month Bar Button View";
			sourceTree = "<group>";
		};
		B10FB7951E56C85200D239B8 /* Schedule Cell */ = {
			isa = PBXGroup;
			children = (
				B10FB7961E56C85200D239B8 /* ScheduleCalendarViewCell.swift */,
				B10FB7971E56C85200D239B8 /* ScheduleCalendarViewCell.xib */,
				B10FB7981E56C85200D239B8 /* ScheduleTableViewCell.swift */,
				B10FB7991E56C85200D239B8 /* ScheduleTableViewCell.xib */,
			);
			path = "Schedule Cell";
			sourceTree = "<group>";
		};
		B10FB79A1E56C85200D239B8 /* Tag Cell */ = {
			isa = PBXGroup;
			children = (
				B10FB79B1E56C85200D239B8 /* Tag Collection View Cell */,
				B10FB7A01E56C85200D239B8 /* TagCollectionView.swift */,
				B10FB7A11E56C85200D239B8 /* TagCollectionViewLayout.swift */,
			);
			path = "Tag Cell";
			sourceTree = "<group>";
		};
		B10FB79B1E56C85200D239B8 /* Tag Collection View Cell */ = {
			isa = PBXGroup;
			children = (
				B10FB79C1E56C85200D239B8 /* TagCollectionReusableView.swift */,
				B10FB79D1E56C85200D239B8 /* TagCollectionReusableView.xib */,
				B10FB79E1E56C85200D239B8 /* TagCollectionViewCell.swift */,
				B10FB79F1E56C85200D239B8 /* TagCollectionViewCell.xib */,
			);
			path = "Tag Collection View Cell";
			sourceTree = "<group>";
		};
		B18C3F201E5D2C770085B9B4 /* MyPage */ = {
			isa = PBXGroup;
			children = (
				B10FB77F1E56C85200D239B8 /* MyPageTableViewController.swift */,
				B18C3F1E1E5D2C700085B9B4 /* SettingTableViewController.swift */,
				B18C3F211E5D2CF90085B9B4 /* Setting.storyboard */,
			);
			path = MyPage;
			sourceTree = "<group>";
		};
		B1E4A0A71E5C70440006D45C /* Search View */ = {
			isa = PBXGroup;
			children = (
				B10FB7801E56C85200D239B8 /* SearchViewController.swift */,
				B1E4A0A81E5C70600006D45C /* FilterViewController.swift */,
			);
			name = "Search View";
			sourceTree = "<group>";
		};
/* End PBXGroup section */

/* Begin PBXNativeTarget section */
		B105E03A1E499E87004331E9 /* Linder */ = {
			isa = PBXNativeTarget;
			buildConfigurationList = B105E04F1E499E87004331E9 /* Build configuration list for PBXNativeTarget "Linder" */;
			buildPhases = (
				6650F42E326848FCE1F02112 /* [CP] Check Pods Manifest.lock */,
				B105E0371E499E87004331E9 /* Sources */,
				B105E0381E499E87004331E9 /* Frameworks */,
				B105E0391E499E87004331E9 /* Resources */,
				74856C632E8FCB255A78AE61 /* [CP] Embed Pods Frameworks */,
				47A378077A94D7202F110E3D /* [CP] Copy Pods Resources */,
			);
			buildRules = (
			);
			dependencies = (
			);
			name = Linder;
			productName = Linder;
			productReference = B105E03B1E499E87004331E9 /* Linder.app */;
			productType = "com.apple.product-type.application";
		};
/* End PBXNativeTarget section */

/* Begin PBXProject section */
		B105E0331E499E87004331E9 /* Project object */ = {
			isa = PBXProject;
			attributes = {
				LastSwiftUpdateCheck = 0820;
				LastUpgradeCheck = 0820;
				ORGANIZATIONNAME = Linder;
				TargetAttributes = {
					B105E03A1E499E87004331E9 = {
						CreatedOnToolsVersion = 8.2.1;
						DevelopmentTeam = 76433YZMGR;
						ProvisioningStyle = Automatic;
					};
				};
			};
			buildConfigurationList = B105E0361E499E87004331E9 /* Build configuration list for PBXProject "Linder" */;
			compatibilityVersion = "Xcode 3.2";
			developmentRegion = English;
			hasScannedForEncodings = 0;
			knownRegions = (
				en,
				Base,
			);
			mainGroup = B105E0321E499E87004331E9;
			productRefGroup = B105E03C1E499E87004331E9 /* Products */;
			projectDirPath = "";
			projectRoot = "";
			targets = (
				B105E03A1E499E87004331E9 /* Linder */,
			);
		};
/* End PBXProject section */

/* Begin PBXResourcesBuildPhase section */
		B105E0391E499E87004331E9 /* Resources */ = {
			isa = PBXResourcesBuildPhase;
			buildActionMask = 2147483647;
			files = (
				B10FB7D11E56C85200D239B8 /* TagCollectionReusableView.xib in Resources */,
				B10FB7D31E56C85200D239B8 /* TagCollectionViewCell.xib in Resources */,
				B1E20AE21E56DF52005D0D4B /* GoogleService-Info.plist in Resources */,
				B10FB7B81E56C85200D239B8 /* Login.storyboard in Resources */,
				B10FB7BE1E56C85200D239B8 /* Main.storyboard in Resources */,
				B10FB7C21E56C85200D239B8 /* ChannelCollectionViewCell.xib in Resources */,
				B105E0481E499E87004331E9 /* Assets.xcassets in Resources */,
				B18C3F221E5D2CF90085B9B4 /* Setting.storyboard in Resources */,
				B111693C1E5417F800B747E5 /* LaunchScreen.storyboard in Resources */,
				B10FB7CB1E56C85200D239B8 /* MonthBarButtonView.xib in Resources */,
				B10FB7B31E56C85200D239B8 /* JoinSequence.storyboard in Resources */,
				B10FB7CD1E56C85200D239B8 /* ScheduleCalendarViewCell.xib in Resources */,
				B10FB7C91E56C85200D239B8 /* EventSimpleTableViewCell.xib in Resources */,
				B10FB7C51E56C85200D239B8 /* ChannelTableViewCell.xib in Resources */,
				B10FB7CF1E56C85200D239B8 /* ScheduleTableViewCell.xib in Resources */,
				B10FB7C71E56C85200D239B8 /* CalendarTableViewCell.xib in Resources */,
			);
			runOnlyForDeploymentPostprocessing = 0;
		};
/* End PBXResourcesBuildPhase section */

/* Begin PBXShellScriptBuildPhase section */
		47A378077A94D7202F110E3D /* [CP] Copy Pods Resources */ = {
			isa = PBXShellScriptBuildPhase;
			buildActionMask = 2147483647;
			files = (
			);
			inputPaths = (
			);
			name = "[CP] Copy Pods Resources";
			outputPaths = (
			);
			runOnlyForDeploymentPostprocessing = 0;
			shellPath = /bin/sh;
			shellScript = "\"${SRCROOT}/Pods/Target Support Files/Pods-Linder/Pods-Linder-resources.sh\"\n";
			showEnvVarsInLog = 0;
		};
		6650F42E326848FCE1F02112 /* [CP] Check Pods Manifest.lock */ = {
			isa = PBXShellScriptBuildPhase;
			buildActionMask = 2147483647;
			files = (
			);
			inputPaths = (
			);
			name = "[CP] Check Pods Manifest.lock";
			outputPaths = (
			);
			runOnlyForDeploymentPostprocessing = 0;
			shellPath = /bin/sh;
			shellScript = "diff \"${PODS_ROOT}/../Podfile.lock\" \"${PODS_ROOT}/Manifest.lock\" > /dev/null\nif [ $? != 0 ] ; then\n    # print error to STDERR\n    echo \"error: The sandbox is not in sync with the Podfile.lock. Run 'pod install' or update your CocoaPods installation.\" >&2\n    exit 1\nfi\n";
			showEnvVarsInLog = 0;
		};
		74856C632E8FCB255A78AE61 /* [CP] Embed Pods Frameworks */ = {
			isa = PBXShellScriptBuildPhase;
			buildActionMask = 2147483647;
			files = (
			);
			inputPaths = (
			);
			name = "[CP] Embed Pods Frameworks";
			outputPaths = (
			);
			runOnlyForDeploymentPostprocessing = 0;
			shellPath = /bin/sh;
			shellScript = "\"${SRCROOT}/Pods/Target Support Files/Pods-Linder/Pods-Linder-frameworks.sh\"\n";
			showEnvVarsInLog = 0;
		};
/* End PBXShellScriptBuildPhase section */

/* Begin PBXSourcesBuildPhase section */
		B105E0371E499E87004331E9 /* Sources */ = {
			isa = PBXSourcesBuildPhase;
			buildActionMask = 2147483647;
			files = (
				B1E4A0A91E5C70600006D45C /* FilterViewController.swift in Sources */,
				B10FB7B91E56C85200D239B8 /* LoginViewController.swift in Sources */,
				B10FB7CE1E56C85200D239B8 /* ScheduleTableViewCell.swift in Sources */,
				B10FB7A41E56C85200D239B8 /* EventDataController.swift in Sources */,
				B10FB7C11E56C85200D239B8 /* ChannelCollectionViewCell.swift in Sources */,
				B10FB7A81E56C85200D239B8 /* Extensions.swift in Sources */,
				B18C3F1F1E5D2C700085B9B4 /* SettingTableViewController.swift in Sources */,
				B10FB7B51E56C85200D239B8 /* JoinSequenceViewController.swift in Sources */,
				B10FB7A61E56C85200D239B8 /* Channel.swift in Sources */,
				B10FB7B61E56C85200D239B8 /* RegionSelectingViewController.swift in Sources */,
				B10FB7A51E56C85200D239B8 /* UserDataController.swift in Sources */,
				B10FB7D41E56C85200D239B8 /* TagCollectionView.swift in Sources */,
				B10FB7C81E56C85200D239B8 /* EventSimpleTableViewCell.swift in Sources */,
				B10FB7C31E56C85200D239B8 /* ChannelCollectionViewLayout.swift in Sources */,
				B10FB7C01E56C85200D239B8 /* NOTRetrier.swift in Sources */,
				B10FB7D01E56C85200D239B8 /* TagCollectionReusableView.swift in Sources */,
				B10FB7AA1E56C85200D239B8 /* User.swift in Sources */,
				B10FB7C61E56C85200D239B8 /* CalendarTableViewCell.swift in Sources */,
				B105E03F1E499E87004331E9 /* AppDelegate.swift in Sources */,
				B10FB7CA1E56C85200D239B8 /* MonthBarButtonView.swift in Sources */,
				B10FB7B01E56C85200D239B8 /* AgeAndGenderSelectingViewController.swift in Sources */,
				B10FB7A91E56C85200D239B8 /* Schedule.swift in Sources */,
				B10FB7A71E56C85200D239B8 /* Event.swift in Sources */,
				B10FB7AB1E56C85200D239B8 /* ChannelDetailViewController.swift in Sources */,
				B10FB7AF1E56C85200D239B8 /* LDEventViewController.swift in Sources */,
				B10FB7BA1E56C85200D239B8 /* CalendarViewController.swift in Sources */,
				B10FB7D51E56C85200D239B8 /* TagCollectionViewLayout.swift in Sources */,
				B10FB7BF1E56C85200D239B8 /* AccessTokenAdapter.swift in Sources */,
				B10FB7BD1E56C85200D239B8 /* SearchViewController.swift in Sources */,
				B10FB7B21E56C85200D239B8 /* InterestSelectingViewController.swift in Sources */,
				B10FB7B41E56C85200D239B8 /* JoinSequencePageViewController.swift in Sources */,
				B10FB7D61E56C85200D239B8 /* UIColor.swift in Sources */,
				B10FB7D21E56C85200D239B8 /* TagCollectionViewCell.swift in Sources */,
				B10FB7BB1E56C85200D239B8 /* HomeTableViewController.swift in Sources */,
				B10FB7AD1E56C85200D239B8 /* EventDetailViewController.swift in Sources */,
				B10FB7CC1E56C85200D239B8 /* ScheduleCalendarViewCell.swift in Sources */,
				B10FB7B11E56C85200D239B8 /* ChannelSelectingViewController.swift in Sources */,
				B10FB7BC1E56C85200D239B8 /* MyPageTableViewController.swift in Sources */,
				B10FB7AC1E56C85200D239B8 /* EventDetailTableViewCell.swift in Sources */,
				B10FB7D71E56C85200D239B8 /* UIMonthPicker.swift in Sources */,
				B10FB7B71E56C85200D239B8 /* JoinViewController.swift in Sources */,
				B10FB7AE1E56C85200D239B8 /* EventHeaderTableViewCell.swift in Sources */,
				B10FB7C41E56C85200D239B8 /* ChannelTableViewCell.swift in Sources */,
			);
			runOnlyForDeploymentPostprocessing = 0;
		};
/* End PBXSourcesBuildPhase section */

/* Begin PBXVariantGroup section */
		B111693A1E5417F800B747E5 /* LaunchScreen.storyboard */ = {
			isa = PBXVariantGroup;
			children = (
				B111693B1E5417F800B747E5 /* Base */,
			);
			name = LaunchScreen.storyboard;
			sourceTree = "<group>";
		};
/* End PBXVariantGroup section */

/* Begin XCBuildConfiguration section */
		B105E04D1E499E87004331E9 /* Debug */ = {
			isa = XCBuildConfiguration;
			buildSettings = {
				ALWAYS_SEARCH_USER_PATHS = NO;
				CLANG_ANALYZER_NONNULL = YES;
				CLANG_CXX_LANGUAGE_STANDARD = "gnu++0x";
				CLANG_CXX_LIBRARY = "libc++";
				CLANG_ENABLE_MODULES = YES;
				CLANG_ENABLE_OBJC_ARC = YES;
				CLANG_WARN_BOOL_CONVERSION = YES;
				CLANG_WARN_CONSTANT_CONVERSION = YES;
				CLANG_WARN_DIRECT_OBJC_ISA_USAGE = YES_ERROR;
				CLANG_WARN_DOCUMENTATION_COMMENTS = YES;
				CLANG_WARN_EMPTY_BODY = YES;
				CLANG_WARN_ENUM_CONVERSION = YES;
				CLANG_WARN_INFINITE_RECURSION = YES;
				CLANG_WARN_INT_CONVERSION = YES;
				CLANG_WARN_OBJC_ROOT_CLASS = YES_ERROR;
				CLANG_WARN_SUSPICIOUS_MOVE = YES;
				CLANG_WARN_UNREACHABLE_CODE = YES;
				CLANG_WARN__DUPLICATE_METHOD_MATCH = YES;
				"CODE_SIGN_IDENTITY[sdk=iphoneos*]" = "iPhone Developer";
				COPY_PHASE_STRIP = NO;
				DEBUG_INFORMATION_FORMAT = dwarf;
				ENABLE_STRICT_OBJC_MSGSEND = YES;
				ENABLE_TESTABILITY = YES;
				GCC_C_LANGUAGE_STANDARD = gnu99;
				GCC_DYNAMIC_NO_PIC = NO;
				GCC_NO_COMMON_BLOCKS = YES;
				GCC_OPTIMIZATION_LEVEL = 0;
				GCC_PREPROCESSOR_DEFINITIONS = (
					"DEBUG=1",
					"$(inherited)",
				);
				GCC_WARN_64_TO_32_BIT_CONVERSION = YES;
				GCC_WARN_ABOUT_RETURN_TYPE = YES_ERROR;
				GCC_WARN_UNDECLARED_SELECTOR = YES;
				GCC_WARN_UNINITIALIZED_AUTOS = YES_AGGRESSIVE;
				GCC_WARN_UNUSED_FUNCTION = YES;
				GCC_WARN_UNUSED_VARIABLE = YES;
				IPHONEOS_DEPLOYMENT_TARGET = 10.2;
				MTL_ENABLE_DEBUG_INFO = YES;
				ONLY_ACTIVE_ARCH = YES;
				SDKROOT = iphoneos;
				SWIFT_ACTIVE_COMPILATION_CONDITIONS = DEBUG;
				SWIFT_OPTIMIZATION_LEVEL = "-Onone";
				TARGETED_DEVICE_FAMILY = "1,2";
			};
			name = Debug;
		};
		B105E04E1E499E87004331E9 /* Release */ = {
			isa = XCBuildConfiguration;
			buildSettings = {
				ALWAYS_SEARCH_USER_PATHS = NO;
				CLANG_ANALYZER_NONNULL = YES;
				CLANG_CXX_LANGUAGE_STANDARD = "gnu++0x";
				CLANG_CXX_LIBRARY = "libc++";
				CLANG_ENABLE_MODULES = YES;
				CLANG_ENABLE_OBJC_ARC = YES;
				CLANG_WARN_BOOL_CONVERSION = YES;
				CLANG_WARN_CONSTANT_CONVERSION = YES;
				CLANG_WARN_DIRECT_OBJC_ISA_USAGE = YES_ERROR;
				CLANG_WARN_DOCUMENTATION_COMMENTS = YES;
				CLANG_WARN_EMPTY_BODY = YES;
				CLANG_WARN_ENUM_CONVERSION = YES;
				CLANG_WARN_INFINITE_RECURSION = YES;
				CLANG_WARN_INT_CONVERSION = YES;
				CLANG_WARN_OBJC_ROOT_CLASS = YES_ERROR;
				CLANG_WARN_SUSPICIOUS_MOVE = YES;
				CLANG_WARN_UNREACHABLE_CODE = YES;
				CLANG_WARN__DUPLICATE_METHOD_MATCH = YES;
				"CODE_SIGN_IDENTITY[sdk=iphoneos*]" = "iPhone Developer";
				COPY_PHASE_STRIP = NO;
				DEBUG_INFORMATION_FORMAT = "dwarf-with-dsym";
				ENABLE_NS_ASSERTIONS = NO;
				ENABLE_STRICT_OBJC_MSGSEND = YES;
				GCC_C_LANGUAGE_STANDARD = gnu99;
				GCC_NO_COMMON_BLOCKS = YES;
				GCC_WARN_64_TO_32_BIT_CONVERSION = YES;
				GCC_WARN_ABOUT_RETURN_TYPE = YES_ERROR;
				GCC_WARN_UNDECLARED_SELECTOR = YES;
				GCC_WARN_UNINITIALIZED_AUTOS = YES_AGGRESSIVE;
				GCC_WARN_UNUSED_FUNCTION = YES;
				GCC_WARN_UNUSED_VARIABLE = YES;
				IPHONEOS_DEPLOYMENT_TARGET = 10.2;
				MTL_ENABLE_DEBUG_INFO = NO;
				SDKROOT = iphoneos;
				SWIFT_OPTIMIZATION_LEVEL = "-Owholemodule";
				TARGETED_DEVICE_FAMILY = "1,2";
				VALIDATE_PRODUCT = YES;
			};
			name = Release;
		};
		B105E0501E499E87004331E9 /* Debug */ = {
			isa = XCBuildConfiguration;
			baseConfigurationReference = 2C5D0846B67A02AA3FF1F1E7 /* Pods-Linder.debug.xcconfig */;
			buildSettings = {
				ASSETCATALOG_COMPILER_APPICON_NAME = AppIcon;
				DEVELOPMENT_TEAM = 76433YZMGR;
				INFOPLIST_FILE = Linder/Info.plist;
				LD_RUNPATH_SEARCH_PATHS = "$(inherited) @executable_path/Frameworks";
				PRODUCT_BUNDLE_IDENTIFIER = com.linder;
				PRODUCT_NAME = "$(TARGET_NAME)";
				SWIFT_VERSION = 3.0;
			};
			name = Debug;
		};
		B105E0511E499E87004331E9 /* Release */ = {
			isa = XCBuildConfiguration;
			baseConfigurationReference = 755550BDAD3A91E83405E0A2 /* Pods-Linder.release.xcconfig */;
			buildSettings = {
				ASSETCATALOG_COMPILER_APPICON_NAME = AppIcon;
				DEVELOPMENT_TEAM = 76433YZMGR;
				INFOPLIST_FILE = Linder/Info.plist;
				LD_RUNPATH_SEARCH_PATHS = "$(inherited) @executable_path/Frameworks";
				PRODUCT_BUNDLE_IDENTIFIER = com.linder;
				PRODUCT_NAME = "$(TARGET_NAME)";
				SWIFT_VERSION = 3.0;
			};
			name = Release;
		};
/* End XCBuildConfiguration section */

/* Begin XCConfigurationList section */
		B105E0361E499E87004331E9 /* Build configuration list for PBXProject "Linder" */ = {
			isa = XCConfigurationList;
			buildConfigurations = (
				B105E04D1E499E87004331E9 /* Debug */,
				B105E04E1E499E87004331E9 /* Release */,
			);
			defaultConfigurationIsVisible = 0;
			defaultConfigurationName = Release;
		};
		B105E04F1E499E87004331E9 /* Build configuration list for PBXNativeTarget "Linder" */ = {
			isa = XCConfigurationList;
			buildConfigurations = (
				B105E0501E499E87004331E9 /* Debug */,
				B105E0511E499E87004331E9 /* Release */,
			);
			defaultConfigurationIsVisible = 0;
			defaultConfigurationName = Release;
		};
/* End XCConfigurationList section */
	};
	rootObject = B105E0331E499E87004331E9 /* Project object */;
}
