// !$*UTF8*$!
{
	archiveVersion = 1;
	classes = {
	};
	objectVersion = 46;
	objects = {

/* Begin PBXBuildFile section */
		B105E03F1E499E87004331E9 /* AppDelegate.swift in Sources */ = {isa = PBXBuildFile; fileRef = B105E03E1E499E87004331E9 /* AppDelegate.swift */; };
		B105E0481E499E87004331E9 /* Assets.xcassets in Resources */ = {isa = PBXBuildFile; fileRef = B105E0471E499E87004331E9 /* Assets.xcassets */; };
		B111693C1E5417F800B747E5 /* LaunchScreen.storyboard in Resources */ = {isa = PBXBuildFile; fileRef = B111693A1E5417F800B747E5 /* LaunchScreen.storyboard */; };
		B11169991E541CC300B747E5 /* CalendarTableViewCell.swift in Sources */ = {isa = PBXBuildFile; fileRef = B11169631E541CC300B747E5 /* CalendarTableViewCell.swift */; };
		B111699A1E541CC300B747E5 /* CalendarTableViewCell.xib in Resources */ = {isa = PBXBuildFile; fileRef = B11169641E541CC300B747E5 /* CalendarTableViewCell.xib */; };
		B111699B1E541CC300B747E5 /* ChannelCollectionViewCell.swift in Sources */ = {isa = PBXBuildFile; fileRef = B11169651E541CC300B747E5 /* ChannelCollectionViewCell.swift */; };
		B111699C1E541CC300B747E5 /* ChannelCollectionViewCell.xib in Resources */ = {isa = PBXBuildFile; fileRef = B11169661E541CC300B747E5 /* ChannelCollectionViewCell.xib */; };
		B111699D1E541CC300B747E5 /* ChannelCollectionViewLayout.swift in Sources */ = {isa = PBXBuildFile; fileRef = B11169691E541CC300B747E5 /* ChannelCollectionViewLayout.swift */; };
		B111699E1E541CC300B747E5 /* ChannelTableViewCell.swift in Sources */ = {isa = PBXBuildFile; fileRef = B111696A1E541CC300B747E5 /* ChannelTableViewCell.swift */; };
		B111699F1E541CC300B747E5 /* ChannelTableViewCell.xib in Resources */ = {isa = PBXBuildFile; fileRef = B111696B1E541CC300B747E5 /* ChannelTableViewCell.xib */; };
		B11169A01E541CC300B747E5 /* EventDetailTableViewCell.swift in Sources */ = {isa = PBXBuildFile; fileRef = B111696C1E541CC300B747E5 /* EventDetailTableViewCell.swift */; };
		B11169A11E541CC300B747E5 /* EventHeaderTableViewCell.swift in Sources */ = {isa = PBXBuildFile; fileRef = B111696D1E541CC300B747E5 /* EventHeaderTableViewCell.swift */; };
		B11169A21E541CC300B747E5 /* EventSimpleTableViewCell.swift in Sources */ = {isa = PBXBuildFile; fileRef = B111696F1E541CC300B747E5 /* EventSimpleTableViewCell.swift */; };
		B11169A31E541CC300B747E5 /* EventSimpleTableViewCell.xib in Resources */ = {isa = PBXBuildFile; fileRef = B11169701E541CC300B747E5 /* EventSimpleTableViewCell.xib */; };
		B11169A41E541CC300B747E5 /* MonthBarButtonView.swift in Sources */ = {isa = PBXBuildFile; fileRef = B11169721E541CC300B747E5 /* MonthBarButtonView.swift */; };
		B11169A51E541CC300B747E5 /* MonthBarButtonView.xib in Resources */ = {isa = PBXBuildFile; fileRef = B11169731E541CC300B747E5 /* MonthBarButtonView.xib */; };
		B11169A61E541CC300B747E5 /* ScheduleTableViewCell.swift in Sources */ = {isa = PBXBuildFile; fileRef = B11169751E541CC300B747E5 /* ScheduleTableViewCell.swift */; };
		B11169A71E541CC300B747E5 /* ScheduleTableViewCell.xib in Resources */ = {isa = PBXBuildFile; fileRef = B11169761E541CC300B747E5 /* ScheduleTableViewCell.xib */; };
		B11169A81E541CC300B747E5 /* TagCollectionReusableView.swift in Sources */ = {isa = PBXBuildFile; fileRef = B11169791E541CC300B747E5 /* TagCollectionReusableView.swift */; };
		B11169A91E541CC300B747E5 /* TagCollectionReusableView.xib in Resources */ = {isa = PBXBuildFile; fileRef = B111697A1E541CC300B747E5 /* TagCollectionReusableView.xib */; };
		B11169AA1E541CC300B747E5 /* TagCollectionView.swift in Sources */ = {isa = PBXBuildFile; fileRef = B111697B1E541CC300B747E5 /* TagCollectionView.swift */; };
		B11169AB1E541CC300B747E5 /* TagCollectionViewCell.swift in Sources */ = {isa = PBXBuildFile; fileRef = B111697D1E541CC300B747E5 /* TagCollectionViewCell.swift */; };
		B11169AC1E541CC300B747E5 /* TagCollectionViewCell.xib in Resources */ = {isa = PBXBuildFile; fileRef = B111697E1E541CC300B747E5 /* TagCollectionViewCell.xib */; };
		B11169AD1E541CC300B747E5 /* TagCollectionViewLayout.swift in Sources */ = {isa = PBXBuildFile; fileRef = B111697F1E541CC300B747E5 /* TagCollectionViewLayout.swift */; };
		B11169AE1E541CC300B747E5 /* EventDataController.swift in Sources */ = {isa = PBXBuildFile; fileRef = B11169811E541CC300B747E5 /* EventDataController.swift */; };
		B11169AF1E541CC300B747E5 /* UserDataController.swift in Sources */ = {isa = PBXBuildFile; fileRef = B11169821E541CC300B747E5 /* UserDataController.swift */; };
		B11169B01E541CC300B747E5 /* ChannelDetailViewController.swift in Sources */ = {isa = PBXBuildFile; fileRef = B11169841E541CC300B747E5 /* ChannelDetailViewController.swift */; };
		B11169B11E541CC300B747E5 /* EventDetailViewController.swift in Sources */ = {isa = PBXBuildFile; fileRef = B11169851E541CC300B747E5 /* EventDetailViewController.swift */; };
		B11169B21E541CC300B747E5 /* LDEventViewController.swift in Sources */ = {isa = PBXBuildFile; fileRef = B11169861E541CC300B747E5 /* LDEventViewController.swift */; };
		B11169B31E541CC300B747E5 /* ChannelSelectingViewController.swift in Sources */ = {isa = PBXBuildFile; fileRef = B11169881E541CC300B747E5 /* ChannelSelectingViewController.swift */; };
		B11169B41E541CC400B747E5 /* InterestSelectingViewController.swift in Sources */ = {isa = PBXBuildFile; fileRef = B11169891E541CC300B747E5 /* InterestSelectingViewController.swift */; };
		B11169B51E541CC400B747E5 /* JoinSequence.storyboard in Resources */ = {isa = PBXBuildFile; fileRef = B111698A1E541CC300B747E5 /* JoinSequence.storyboard */; };
		B11169B61E541CC400B747E5 /* JoinSequenceViewController.swift in Sources */ = {isa = PBXBuildFile; fileRef = B111698B1E541CC300B747E5 /* JoinSequenceViewController.swift */; };
		B11169B71E541CC400B747E5 /* CalendarTableViewController.swift in Sources */ = {isa = PBXBuildFile; fileRef = B111698D1E541CC300B747E5 /* CalendarTableViewController.swift */; };
		B11169B81E541CC400B747E5 /* HomeTableViewController.swift in Sources */ = {isa = PBXBuildFile; fileRef = B111698E1E541CC300B747E5 /* HomeTableViewController.swift */; };
		B11169B91E541CC400B747E5 /* Main.storyboard in Resources */ = {isa = PBXBuildFile; fileRef = B111698F1E541CC300B747E5 /* Main.storyboard */; };
		B11169BA1E541CC400B747E5 /* MyPageTableViewController.swift in Sources */ = {isa = PBXBuildFile; fileRef = B11169901E541CC300B747E5 /* MyPageTableViewController.swift */; };
		B11169BB1E541CC400B747E5 /* SearchViewController.swift in Sources */ = {isa = PBXBuildFile; fileRef = B11169911E541CC300B747E5 /* SearchViewController.swift */; };
		B11169BC1E541CC400B747E5 /* Channel.swift in Sources */ = {isa = PBXBuildFile; fileRef = B11169931E541CC300B747E5 /* Channel.swift */; };
		B11169BD1E541CC400B747E5 /* Event.swift in Sources */ = {isa = PBXBuildFile; fileRef = B11169941E541CC300B747E5 /* Event.swift */; };
		B11169BE1E541CC400B747E5 /* Extensions.swift in Sources */ = {isa = PBXBuildFile; fileRef = B11169951E541CC300B747E5 /* Extensions.swift */; };
		B11169BF1E541CC400B747E5 /* Schedule.swift in Sources */ = {isa = PBXBuildFile; fileRef = B11169961E541CC300B747E5 /* Schedule.swift */; };
		B11169C01E541CC400B747E5 /* UIColor.swift in Sources */ = {isa = PBXBuildFile; fileRef = B11169971E541CC300B747E5 /* UIColor.swift */; };
		B11169C11E541CC400B747E5 /* User.swift in Sources */ = {isa = PBXBuildFile; fileRef = B11169981E541CC300B747E5 /* User.swift */; };
		B11169C31E541E6600B747E5 /* JoinPageViewController.swift in Sources */ = {isa = PBXBuildFile; fileRef = B11169C21E541E6600B747E5 /* JoinPageViewController.swift */; };
		D1321CF0D4325B3E979CE174 /* Pods_Linder.framework in Frameworks */ = {isa = PBXBuildFile; fileRef = 89391CC7ECD882E1A725571B /* Pods_Linder.framework */; };
/* End PBXBuildFile section */

/* Begin PBXFileReference section */
		2C5D0846B67A02AA3FF1F1E7 /* Pods-Linder.debug.xcconfig */ = {isa = PBXFileReference; includeInIndex = 1; lastKnownFileType = text.xcconfig; name = "Pods-Linder.debug.xcconfig"; path = "Pods/Target Support Files/Pods-Linder/Pods-Linder.debug.xcconfig"; sourceTree = "<group>"; };
		755550BDAD3A91E83405E0A2 /* Pods-Linder.release.xcconfig */ = {isa = PBXFileReference; includeInIndex = 1; lastKnownFileType = text.xcconfig; name = "Pods-Linder.release.xcconfig"; path = "Pods/Target Support Files/Pods-Linder/Pods-Linder.release.xcconfig"; sourceTree = "<group>"; };
		89391CC7ECD882E1A725571B /* Pods_Linder.framework */ = {isa = PBXFileReference; explicitFileType = wrapper.framework; includeInIndex = 0; path = Pods_Linder.framework; sourceTree = BUILT_PRODUCTS_DIR; };
		B105E03B1E499E87004331E9 /* Linder.app */ = {isa = PBXFileReference; explicitFileType = wrapper.application; includeInIndex = 0; path = Linder.app; sourceTree = BUILT_PRODUCTS_DIR; };
		B105E03E1E499E87004331E9 /* AppDelegate.swift */ = {isa = PBXFileReference; lastKnownFileType = sourcecode.swift; path = AppDelegate.swift; sourceTree = "<group>"; };
		B105E0471E499E87004331E9 /* Assets.xcassets */ = {isa = PBXFileReference; lastKnownFileType = folder.assetcatalog; path = Assets.xcassets; sourceTree = "<group>"; };
		B105E04C1E499E87004331E9 /* Info.plist */ = {isa = PBXFileReference; lastKnownFileType = text.plist.xml; path = Info.plist; sourceTree = "<group>"; };
		B111693B1E5417F800B747E5 /* Base */ = {isa = PBXFileReference; lastKnownFileType = file.storyboard; name = Base; path = Base.lproj/LaunchScreen.storyboard; sourceTree = "<group>"; };
		B11169631E541CC300B747E5 /* CalendarTableViewCell.swift */ = {isa = PBXFileReference; fileEncoding = 4; lastKnownFileType = sourcecode.swift; path = CalendarTableViewCell.swift; sourceTree = "<group>"; };
		B11169641E541CC300B747E5 /* CalendarTableViewCell.xib */ = {isa = PBXFileReference; fileEncoding = 4; lastKnownFileType = file.xib; path = CalendarTableViewCell.xib; sourceTree = "<group>"; };
		B11169651E541CC300B747E5 /* ChannelCollectionViewCell.swift */ = {isa = PBXFileReference; fileEncoding = 4; lastKnownFileType = sourcecode.swift; path = ChannelCollectionViewCell.swift; sourceTree = "<group>"; };
		B11169661E541CC300B747E5 /* ChannelCollectionViewCell.xib */ = {isa = PBXFileReference; fileEncoding = 4; lastKnownFileType = file.xib; path = ChannelCollectionViewCell.xib; sourceTree = "<group>"; };
		B11169691E541CC300B747E5 /* ChannelCollectionViewLayout.swift */ = {isa = PBXFileReference; fileEncoding = 4; lastKnownFileType = sourcecode.swift; path = ChannelCollectionViewLayout.swift; sourceTree = "<group>"; };
		B111696A1E541CC300B747E5 /* ChannelTableViewCell.swift */ = {isa = PBXFileReference; fileEncoding = 4; lastKnownFileType = sourcecode.swift; path = ChannelTableViewCell.swift; sourceTree = "<group>"; };
		B111696B1E541CC300B747E5 /* ChannelTableViewCell.xib */ = {isa = PBXFileReference; fileEncoding = 4; lastKnownFileType = file.xib; path = ChannelTableViewCell.xib; sourceTree = "<group>"; };
		B111696C1E541CC300B747E5 /* EventDetailTableViewCell.swift */ = {isa = PBXFileReference; fileEncoding = 4; lastKnownFileType = sourcecode.swift; path = EventDetailTableViewCell.swift; sourceTree = "<group>"; };
		B111696D1E541CC300B747E5 /* EventHeaderTableViewCell.swift */ = {isa = PBXFileReference; fileEncoding = 4; lastKnownFileType = sourcecode.swift; path = EventHeaderTableViewCell.swift; sourceTree = "<group>"; };
		B111696F1E541CC300B747E5 /* EventSimpleTableViewCell.swift */ = {isa = PBXFileReference; fileEncoding = 4; lastKnownFileType = sourcecode.swift; path = EventSimpleTableViewCell.swift; sourceTree = "<group>"; };
		B11169701E541CC300B747E5 /* EventSimpleTableViewCell.xib */ = {isa = PBXFileReference; fileEncoding = 4; lastKnownFileType = file.xib; path = EventSimpleTableViewCell.xib; sourceTree = "<group>"; };
		B11169721E541CC300B747E5 /* MonthBarButtonView.swift */ = {isa = PBXFileReference; fileEncoding = 4; lastKnownFileType = sourcecode.swift; path = MonthBarButtonView.swift; sourceTree = "<group>"; };
		B11169731E541CC300B747E5 /* MonthBarButtonView.xib */ = {isa = PBXFileReference; fileEncoding = 4; lastKnownFileType = file.xib; path = MonthBarButtonView.xib; sourceTree = "<group>"; };
		B11169751E541CC300B747E5 /* ScheduleTableViewCell.swift */ = {isa = PBXFileReference; fileEncoding = 4; lastKnownFileType = sourcecode.swift; path = ScheduleTableViewCell.swift; sourceTree = "<group>"; };
		B11169761E541CC300B747E5 /* ScheduleTableViewCell.xib */ = {isa = PBXFileReference; fileEncoding = 4; lastKnownFileType = file.xib; path = ScheduleTableViewCell.xib; sourceTree = "<group>"; };
		B11169791E541CC300B747E5 /* TagCollectionReusableView.swift */ = {isa = PBXFileReference; fileEncoding = 4; lastKnownFileType = sourcecode.swift; path = TagCollectionReusableView.swift; sourceTree = "<group>"; };
		B111697A1E541CC300B747E5 /* TagCollectionReusableView.xib */ = {isa = PBXFileReference; fileEncoding = 4; lastKnownFileType = file.xib; path = TagCollectionReusableView.xib; sourceTree = "<group>"; };
		B111697B1E541CC300B747E5 /* TagCollectionView.swift */ = {isa = PBXFileReference; fileEncoding = 4; lastKnownFileType = sourcecode.swift; path = TagCollectionView.swift; sourceTree = "<group>"; };
		B111697D1E541CC300B747E5 /* TagCollectionViewCell.swift */ = {isa = PBXFileReference; fileEncoding = 4; lastKnownFileType = sourcecode.swift; path = TagCollectionViewCell.swift; sourceTree = "<group>"; };
		B111697E1E541CC300B747E5 /* TagCollectionViewCell.xib */ = {isa = PBXFileReference; fileEncoding = 4; lastKnownFileType = file.xib; path = TagCollectionViewCell.xib; sourceTree = "<group>"; };
		B111697F1E541CC300B747E5 /* TagCollectionViewLayout.swift */ = {isa = PBXFileReference; fileEncoding = 4; lastKnownFileType = sourcecode.swift; path = TagCollectionViewLayout.swift; sourceTree = "<group>"; };
		B11169811E541CC300B747E5 /* EventDataController.swift */ = {isa = PBXFileReference; fileEncoding = 4; lastKnownFileType = sourcecode.swift; path = EventDataController.swift; sourceTree = "<group>"; };
		B11169821E541CC300B747E5 /* UserDataController.swift */ = {isa = PBXFileReference; fileEncoding = 4; lastKnownFileType = sourcecode.swift; path = UserDataController.swift; sourceTree = "<group>"; };
		B11169841E541CC300B747E5 /* ChannelDetailViewController.swift */ = {isa = PBXFileReference; fileEncoding = 4; lastKnownFileType = sourcecode.swift; path = ChannelDetailViewController.swift; sourceTree = "<group>"; };
		B11169851E541CC300B747E5 /* EventDetailViewController.swift */ = {isa = PBXFileReference; fileEncoding = 4; lastKnownFileType = sourcecode.swift; path = EventDetailViewController.swift; sourceTree = "<group>"; };
		B11169861E541CC300B747E5 /* LDEventViewController.swift */ = {isa = PBXFileReference; fileEncoding = 4; lastKnownFileType = sourcecode.swift; path = LDEventViewController.swift; sourceTree = "<group>"; };
		B11169881E541CC300B747E5 /* ChannelSelectingViewController.swift */ = {isa = PBXFileReference; fileEncoding = 4; lastKnownFileType = sourcecode.swift; path = ChannelSelectingViewController.swift; sourceTree = "<group>"; };
		B11169891E541CC300B747E5 /* InterestSelectingViewController.swift */ = {isa = PBXFileReference; fileEncoding = 4; lastKnownFileType = sourcecode.swift; path = InterestSelectingViewController.swift; sourceTree = "<group>"; };
		B111698A1E541CC300B747E5 /* JoinSequence.storyboard */ = {isa = PBXFileReference; fileEncoding = 4; lastKnownFileType = file.storyboard; path = JoinSequence.storyboard; sourceTree = "<group>"; };
		B111698B1E541CC300B747E5 /* JoinSequenceViewController.swift */ = {isa = PBXFileReference; fileEncoding = 4; lastKnownFileType = sourcecode.swift; path = JoinSequenceViewController.swift; sourceTree = "<group>"; };
		B111698D1E541CC300B747E5 /* CalendarTableViewController.swift */ = {isa = PBXFileReference; fileEncoding = 4; lastKnownFileType = sourcecode.swift; path = CalendarTableViewController.swift; sourceTree = "<group>"; };
		B111698E1E541CC300B747E5 /* HomeTableViewController.swift */ = {isa = PBXFileReference; fileEncoding = 4; lastKnownFileType = sourcecode.swift; path = HomeTableViewController.swift; sourceTree = "<group>"; };
		B111698F1E541CC300B747E5 /* Main.storyboard */ = {isa = PBXFileReference; fileEncoding = 4; lastKnownFileType = file.storyboard; path = Main.storyboard; sourceTree = "<group>"; };
		B11169901E541CC300B747E5 /* MyPageTableViewController.swift */ = {isa = PBXFileReference; fileEncoding = 4; lastKnownFileType = sourcecode.swift; path = MyPageTableViewController.swift; sourceTree = "<group>"; };
		B11169911E541CC300B747E5 /* SearchViewController.swift */ = {isa = PBXFileReference; fileEncoding = 4; lastKnownFileType = sourcecode.swift; path = SearchViewController.swift; sourceTree = "<group>"; };
		B11169931E541CC300B747E5 /* Channel.swift */ = {isa = PBXFileReference; fileEncoding = 4; lastKnownFileType = sourcecode.swift; path = Channel.swift; sourceTree = "<group>"; };
		B11169941E541CC300B747E5 /* Event.swift */ = {isa = PBXFileReference; fileEncoding = 4; lastKnownFileType = sourcecode.swift; path = Event.swift; sourceTree = "<group>"; };
		B11169951E541CC300B747E5 /* Extensions.swift */ = {isa = PBXFileReference; fileEncoding = 4; lastKnownFileType = sourcecode.swift; path = Extensions.swift; sourceTree = "<group>"; };
		B11169961E541CC300B747E5 /* Schedule.swift */ = {isa = PBXFileReference; fileEncoding = 4; lastKnownFileType = sourcecode.swift; path = Schedule.swift; sourceTree = "<group>"; };
		B11169971E541CC300B747E5 /* UIColor.swift */ = {isa = PBXFileReference; fileEncoding = 4; lastKnownFileType = sourcecode.swift; path = UIColor.swift; sourceTree = "<group>"; };
		B11169981E541CC300B747E5 /* User.swift */ = {isa = PBXFileReference; fileEncoding = 4; lastKnownFileType = sourcecode.swift; path = User.swift; sourceTree = "<group>"; };
		B11169C21E541E6600B747E5 /* JoinPageViewController.swift */ = {isa = PBXFileReference; fileEncoding = 4; lastKnownFileType = sourcecode.swift; path = JoinPageViewController.swift; sourceTree = "<group>"; };
/* End PBXFileReference section */

/* Begin PBXFrameworksBuildPhase section */
		B105E0381E499E87004331E9 /* Frameworks */ = {
			isa = PBXFrameworksBuildPhase;
			buildActionMask = 2147483647;
			files = (
				D1321CF0D4325B3E979CE174 /* Pods_Linder.framework in Frameworks */,
			);
			runOnlyForDeploymentPostprocessing = 0;
		};
/* End PBXFrameworksBuildPhase section */

/* Begin PBXGroup section */
		39BD6626BB1F2C7394BF4938 /* Pods */ = {
			isa = PBXGroup;
			children = (
				2C5D0846B67A02AA3FF1F1E7 /* Pods-Linder.debug.xcconfig */,
				755550BDAD3A91E83405E0A2 /* Pods-Linder.release.xcconfig */,
			);
			name = Pods;
			sourceTree = "<group>";
		};
		8F595A61EFB7D974CA6BC07A /* Frameworks */ = {
			isa = PBXGroup;
			children = (
				89391CC7ECD882E1A725571B /* Pods_Linder.framework */,
			);
			name = Frameworks;
			sourceTree = "<group>";
		};
		B105E0321E499E87004331E9 = {
			isa = PBXGroup;
			children = (
				B105E03D1E499E87004331E9 /* Linder */,
				B105E03C1E499E87004331E9 /* Products */,
				39BD6626BB1F2C7394BF4938 /* Pods */,
				8F595A61EFB7D974CA6BC07A /* Frameworks */,
			);
			sourceTree = "<group>";
		};
		B105E03C1E499E87004331E9 /* Products */ = {
			isa = PBXGroup;
			children = (
				B105E03B1E499E87004331E9 /* Linder.app */,
			);
			name = Products;
			sourceTree = "<group>";
		};
		B105E03D1E499E87004331E9 /* Linder */ = {
			isa = PBXGroup;
			children = (
				B105E03E1E499E87004331E9 /* AppDelegate.swift */,
				B111693A1E5417F800B747E5 /* LaunchScreen.storyboard */,
				B11169611E541CC300B747E5 /* Custom Views */,
				B11169801E541CC300B747E5 /* Data Controllers */,
				B11169831E541CC300B747E5 /* Detail View Controllers */,
				B11169871E541CC300B747E5 /* Join Sequence */,
				B111698C1E541CC300B747E5 /* Main */,
				B11169921E541CC300B747E5 /* Model */,
				B105E0471E499E87004331E9 /* Assets.xcassets */,
				B105E04C1E499E87004331E9 /* Info.plist */,
			);
			path = Linder;
			sourceTree = "<group>";
		};
		B11169611E541CC300B747E5 /* Custom Views */ = {
			isa = PBXGroup;
			children = (
				B11169621E541CC300B747E5 /* CalendarTableViewCell */,
				B11169671E541CC300B747E5 /* ChannelTableViewCell */,
				B111696C1E541CC300B747E5 /* EventDetailTableViewCell.swift */,
				B111696D1E541CC300B747E5 /* EventHeaderTableViewCell.swift */,
				B111696E1E541CC300B747E5 /* EventSimpleTableViewCell */,
				B11169711E541CC300B747E5 /* MonthBarButtonView */,
				B11169741E541CC300B747E5 /* ScheduleTableViewCell */,
				B11169771E541CC300B747E5 /* TagCollectionView */,
			);
			path = "Custom Views";
			sourceTree = "<group>";
		};
		B11169621E541CC300B747E5 /* CalendarTableViewCell */ = {
			isa = PBXGroup;
			children = (
				B11169631E541CC300B747E5 /* CalendarTableViewCell.swift */,
				B11169641E541CC300B747E5 /* CalendarTableViewCell.xib */,
				B11169651E541CC300B747E5 /* ChannelCollectionViewCell.swift */,
				B11169661E541CC300B747E5 /* ChannelCollectionViewCell.xib */,
			);
			path = CalendarTableViewCell;
			sourceTree = "<group>";
		};
		B11169671E541CC300B747E5 /* ChannelTableViewCell */ = {
			isa = PBXGroup;
			children = (
				B11169681E541CC300B747E5 /* ChannelCollectionViewCell */,
				B11169691E541CC300B747E5 /* ChannelCollectionViewLayout.swift */,
				B111696A1E541CC300B747E5 /* ChannelTableViewCell.swift */,
				B111696B1E541CC300B747E5 /* ChannelTableViewCell.xib */,
			);
			path = ChannelTableViewCell;
			sourceTree = "<group>";
		};
		B11169681E541CC300B747E5 /* ChannelCollectionViewCell */ = {
			isa = PBXGroup;
			children = (
			);
			path = ChannelCollectionViewCell;
			sourceTree = "<group>";
		};
		B111696E1E541CC300B747E5 /* EventSimpleTableViewCell */ = {
			isa = PBXGroup;
			children = (
				B111696F1E541CC300B747E5 /* EventSimpleTableViewCell.swift */,
				B11169701E541CC300B747E5 /* EventSimpleTableViewCell.xib */,
			);
			path = EventSimpleTableViewCell;
			sourceTree = "<group>";
		};
		B11169711E541CC300B747E5 /* MonthBarButtonView */ = {
			isa = PBXGroup;
			children = (
				B11169721E541CC300B747E5 /* MonthBarButtonView.swift */,
				B11169731E541CC300B747E5 /* MonthBarButtonView.xib */,
			);
			path = MonthBarButtonView;
			sourceTree = "<group>";
		};
		B11169741E541CC300B747E5 /* ScheduleTableViewCell */ = {
			isa = PBXGroup;
			children = (
				B11169751E541CC300B747E5 /* ScheduleTableViewCell.swift */,
				B11169761E541CC300B747E5 /* ScheduleTableViewCell.xib */,
			);
			path = ScheduleTableViewCell;
			sourceTree = "<group>";
		};
		B11169771E541CC300B747E5 /* TagCollectionView */ = {
			isa = PBXGroup;
			children = (
				B11169781E541CC300B747E5 /* TagCollectionReusableView */,
				B111697B1E541CC300B747E5 /* TagCollectionView.swift */,
				B111697C1E541CC300B747E5 /* TagCollectionViewCell */,
				B111697F1E541CC300B747E5 /* TagCollectionViewLayout.swift */,
			);
			path = TagCollectionView;
			sourceTree = "<group>";
		};
		B11169781E541CC300B747E5 /* TagCollectionReusableView */ = {
			isa = PBXGroup;
			children = (
				B11169791E541CC300B747E5 /* TagCollectionReusableView.swift */,
				B111697A1E541CC300B747E5 /* TagCollectionReusableView.xib */,
			);
			path = TagCollectionReusableView;
			sourceTree = "<group>";
		};
		B111697C1E541CC300B747E5 /* TagCollectionViewCell */ = {
			isa = PBXGroup;
			children = (
				B111697D1E541CC300B747E5 /* TagCollectionViewCell.swift */,
				B111697E1E541CC300B747E5 /* TagCollectionViewCell.xib */,
			);
			path = TagCollectionViewCell;
			sourceTree = "<group>";
		};
		B11169801E541CC300B747E5 /* Data Controllers */ = {
			isa = PBXGroup;
			children = (
				B11169811E541CC300B747E5 /* EventDataController.swift */,
				B11169821E541CC300B747E5 /* UserDataController.swift */,
			);
			path = "Data Controllers";
			sourceTree = "<group>";
		};
		B11169831E541CC300B747E5 /* Detail View Controllers */ = {
			isa = PBXGroup;
			children = (
				B11169841E541CC300B747E5 /* ChannelDetailViewController.swift */,
				B11169851E541CC300B747E5 /* EventDetailViewController.swift */,
				B11169861E541CC300B747E5 /* LDEventViewController.swift */,
			);
			path = "Detail View Controllers";
			sourceTree = "<group>";
		};
		B11169871E541CC300B747E5 /* Join Sequence */ = {
			isa = PBXGroup;
			children = (
				B11169881E541CC300B747E5 /* ChannelSelectingViewController.swift */,
				B11169891E541CC300B747E5 /* InterestSelectingViewController.swift */,
				B11169C21E541E6600B747E5 /* JoinPageViewController.swift */,
				B111698A1E541CC300B747E5 /* JoinSequence.storyboard */,
				B111698B1E541CC300B747E5 /* JoinSequenceViewController.swift */,
			);
			path = "Join Sequence";
			sourceTree = "<group>";
		};
		B111698C1E541CC300B747E5 /* Main */ = {
			isa = PBXGroup;
			children = (
				B111698D1E541CC300B747E5 /* CalendarTableViewController.swift */,
				B111698E1E541CC300B747E5 /* HomeTableViewController.swift */,
				B111698F1E541CC300B747E5 /* Main.storyboard */,
				B11169901E541CC300B747E5 /* MyPageTableViewController.swift */,
				B11169911E541CC300B747E5 /* SearchViewController.swift */,
			);
			path = Main;
			sourceTree = "<group>";
		};
		B11169921E541CC300B747E5 /* Model */ = {
			isa = PBXGroup;
			children = (
				B11169931E541CC300B747E5 /* Channel.swift */,
				B11169941E541CC300B747E5 /* Event.swift */,
				B11169951E541CC300B747E5 /* Extensions.swift */,
				B11169961E541CC300B747E5 /* Schedule.swift */,
				B11169971E541CC300B747E5 /* UIColor.swift */,
				B11169981E541CC300B747E5 /* User.swift */,
			);
			path = Model;
			sourceTree = "<group>";
		};
/* End PBXGroup section */

/* Begin PBXNativeTarget section */
		B105E03A1E499E87004331E9 /* Linder */ = {
			isa = PBXNativeTarget;
			buildConfigurationList = B105E04F1E499E87004331E9 /* Build configuration list for PBXNativeTarget "Linder" */;
			buildPhases = (
				6650F42E326848FCE1F02112 /* [CP] Check Pods Manifest.lock */,
				B105E0371E499E87004331E9 /* Sources */,
				B105E0381E499E87004331E9 /* Frameworks */,
				B105E0391E499E87004331E9 /* Resources */,
				74856C632E8FCB255A78AE61 /* [CP] Embed Pods Frameworks */,
				47A378077A94D7202F110E3D /* [CP] Copy Pods Resources */,
			);
			buildRules = (
			);
			dependencies = (
			);
			name = Linder;
			productName = Linder;
			productReference = B105E03B1E499E87004331E9 /* Linder.app */;
			productType = "com.apple.product-type.application";
		};
/* End PBXNativeTarget section */

/* Begin PBXProject section */
		B105E0331E499E87004331E9 /* Project object */ = {
			isa = PBXProject;
			attributes = {
				LastSwiftUpdateCheck = 0820;
				LastUpgradeCheck = 0820;
				ORGANIZATIONNAME = Linder;
				TargetAttributes = {
					B105E03A1E499E87004331E9 = {
						CreatedOnToolsVersion = 8.2.1;
						DevelopmentTeam = 76433YZMGR;
						ProvisioningStyle = Automatic;
					};
				};
			};
			buildConfigurationList = B105E0361E499E87004331E9 /* Build configuration list for PBXProject "Linder" */;
			compatibilityVersion = "Xcode 3.2";
			developmentRegion = English;
			hasScannedForEncodings = 0;
			knownRegions = (
				en,
				Base,
			);
			mainGroup = B105E0321E499E87004331E9;
			productRefGroup = B105E03C1E499E87004331E9 /* Products */;
			projectDirPath = "";
			projectRoot = "";
			targets = (
				B105E03A1E499E87004331E9 /* Linder */,
			);
		};
/* End PBXProject section */

/* Begin PBXResourcesBuildPhase section */
		B105E0391E499E87004331E9 /* Resources */ = {
			isa = PBXResourcesBuildPhase;
			buildActionMask = 2147483647;
			files = (
				B11169B51E541CC400B747E5 /* JoinSequence.storyboard in Resources */,
				B11169A31E541CC300B747E5 /* EventSimpleTableViewCell.xib in Resources */,
				B111699F1E541CC300B747E5 /* ChannelTableViewCell.xib in Resources */,
				B11169B91E541CC400B747E5 /* Main.storyboard in Resources */,
				B11169A71E541CC300B747E5 /* ScheduleTableViewCell.xib in Resources */,
				B11169A91E541CC300B747E5 /* TagCollectionReusableView.xib in Resources */,
				B105E0481E499E87004331E9 /* Assets.xcassets in Resources */,
				B111699A1E541CC300B747E5 /* CalendarTableViewCell.xib in Resources */,
				B111699C1E541CC300B747E5 /* ChannelCollectionViewCell.xib in Resources */,
				B11169AC1E541CC300B747E5 /* TagCollectionViewCell.xib in Resources */,
				B11169A51E541CC300B747E5 /* MonthBarButtonView.xib in Resources */,
				B111693C1E5417F800B747E5 /* LaunchScreen.storyboard in Resources */,
			);
			runOnlyForDeploymentPostprocessing = 0;
		};
/* End PBXResourcesBuildPhase section */

/* Begin PBXShellScriptBuildPhase section */
		47A378077A94D7202F110E3D /* [CP] Copy Pods Resources */ = {
			isa = PBXShellScriptBuildPhase;
			buildActionMask = 2147483647;
			files = (
			);
			inputPaths = (
			);
			name = "[CP] Copy Pods Resources";
			outputPaths = (
			);
			runOnlyForDeploymentPostprocessing = 0;
			shellPath = /bin/sh;
			shellScript = "\"${SRCROOT}/Pods/Target Support Files/Pods-Linder/Pods-Linder-resources.sh\"\n";
			showEnvVarsInLog = 0;
		};
		6650F42E326848FCE1F02112 /* [CP] Check Pods Manifest.lock */ = {
			isa = PBXShellScriptBuildPhase;
			buildActionMask = 2147483647;
			files = (
			);
			inputPaths = (
			);
			name = "[CP] Check Pods Manifest.lock";
			outputPaths = (
			);
			runOnlyForDeploymentPostprocessing = 0;
			shellPath = /bin/sh;
			shellScript = "diff \"${PODS_ROOT}/../Podfile.lock\" \"${PODS_ROOT}/Manifest.lock\" > /dev/null\nif [ $? != 0 ] ; then\n    # print error to STDERR\n    echo \"error: The sandbox is not in sync with the Podfile.lock. Run 'pod install' or update your CocoaPods installation.\" >&2\n    exit 1\nfi\n";
			showEnvVarsInLog = 0;
		};
		74856C632E8FCB255A78AE61 /* [CP] Embed Pods Frameworks */ = {
			isa = PBXShellScriptBuildPhase;
			buildActionMask = 2147483647;
			files = (
			);
			inputPaths = (
			);
			name = "[CP] Embed Pods Frameworks";
			outputPaths = (
			);
			runOnlyForDeploymentPostprocessing = 0;
			shellPath = /bin/sh;
			shellScript = "\"${SRCROOT}/Pods/Target Support Files/Pods-Linder/Pods-Linder-frameworks.sh\"\n";
			showEnvVarsInLog = 0;
		};
/* End PBXShellScriptBuildPhase section */

/* Begin PBXSourcesBuildPhase section */
		B105E0371E499E87004331E9 /* Sources */ = {
			isa = PBXSourcesBuildPhase;
			buildActionMask = 2147483647;
			files = (
				B11169B81E541CC400B747E5 /* HomeTableViewController.swift in Sources */,
				B11169B41E541CC400B747E5 /* InterestSelectingViewController.swift in Sources */,
				B11169AF1E541CC300B747E5 /* UserDataController.swift in Sources */,
				B11169A21E541CC300B747E5 /* EventSimpleTableViewCell.swift in Sources */,
				B11169C11E541CC400B747E5 /* User.swift in Sources */,
				B111699B1E541CC300B747E5 /* ChannelCollectionViewCell.swift in Sources */,
				B11169AE1E541CC300B747E5 /* EventDataController.swift in Sources */,
				B11169B71E541CC400B747E5 /* CalendarTableViewController.swift in Sources */,
				B11169BE1E541CC400B747E5 /* Extensions.swift in Sources */,
				B11169BC1E541CC400B747E5 /* Channel.swift in Sources */,
				B105E03F1E499E87004331E9 /* AppDelegate.swift in Sources */,
				B11169BB1E541CC400B747E5 /* SearchViewController.swift in Sources */,
				B11169A81E541CC300B747E5 /* TagCollectionReusableView.swift in Sources */,
				B11169AB1E541CC300B747E5 /* TagCollectionViewCell.swift in Sources */,
				B11169BD1E541CC400B747E5 /* Event.swift in Sources */,
				B11169BA1E541CC400B747E5 /* MyPageTableViewController.swift in Sources */,
				B11169C31E541E6600B747E5 /* JoinPageViewController.swift in Sources */,
				B111699D1E541CC300B747E5 /* ChannelCollectionViewLayout.swift in Sources */,
				B11169AA1E541CC300B747E5 /* TagCollectionView.swift in Sources */,
				B11169B61E541CC400B747E5 /* JoinSequenceViewController.swift in Sources */,
				B11169BF1E541CC400B747E5 /* Schedule.swift in Sources */,
				B11169991E541CC300B747E5 /* CalendarTableViewCell.swift in Sources */,
				B11169A11E541CC300B747E5 /* EventHeaderTableViewCell.swift in Sources */,
				B11169C01E541CC400B747E5 /* UIColor.swift in Sources */,
				B11169B21E541CC300B747E5 /* LDEventViewController.swift in Sources */,
				B11169A61E541CC300B747E5 /* ScheduleTableViewCell.swift in Sources */,
				B11169B11E541CC300B747E5 /* EventDetailViewController.swift in Sources */,
				B111699E1E541CC300B747E5 /* ChannelTableViewCell.swift in Sources */,
				B11169AD1E541CC300B747E5 /* TagCollectionViewLayout.swift in Sources */,
				B11169B01E541CC300B747E5 /* ChannelDetailViewController.swift in Sources */,
				B11169B31E541CC300B747E5 /* ChannelSelectingViewController.swift in Sources */,
				B11169A01E541CC300B747E5 /* EventDetailTableViewCell.swift in Sources */,
				B11169A41E541CC300B747E5 /* MonthBarButtonView.swift in Sources */,
			);
			runOnlyForDeploymentPostprocessing = 0;
		};
/* End PBXSourcesBuildPhase section */

/* Begin PBXVariantGroup section */
		B111693A1E5417F800B747E5 /* LaunchScreen.storyboard */ = {
			isa = PBXVariantGroup;
			children = (
				B111693B1E5417F800B747E5 /* Base */,
			);
			name = LaunchScreen.storyboard;
			sourceTree = "<group>";
		};
/* End PBXVariantGroup section */

/* Begin XCBuildConfiguration section */
		B105E04D1E499E87004331E9 /* Debug */ = {
			isa = XCBuildConfiguration;
			buildSettings = {
				ALWAYS_SEARCH_USER_PATHS = NO;
				CLANG_ANALYZER_NONNULL = YES;
				CLANG_CXX_LANGUAGE_STANDARD = "gnu++0x";
				CLANG_CXX_LIBRARY = "libc++";
				CLANG_ENABLE_MODULES = YES;
				CLANG_ENABLE_OBJC_ARC = YES;
				CLANG_WARN_BOOL_CONVERSION = YES;
				CLANG_WARN_CONSTANT_CONVERSION = YES;
				CLANG_WARN_DIRECT_OBJC_ISA_USAGE = YES_ERROR;
				CLANG_WARN_DOCUMENTATION_COMMENTS = YES;
				CLANG_WARN_EMPTY_BODY = YES;
				CLANG_WARN_ENUM_CONVERSION = YES;
				CLANG_WARN_INFINITE_RECURSION = YES;
				CLANG_WARN_INT_CONVERSION = YES;
				CLANG_WARN_OBJC_ROOT_CLASS = YES_ERROR;
				CLANG_WARN_SUSPICIOUS_MOVE = YES;
				CLANG_WARN_UNREACHABLE_CODE = YES;
				CLANG_WARN__DUPLICATE_METHOD_MATCH = YES;
				"CODE_SIGN_IDENTITY[sdk=iphoneos*]" = "iPhone Developer";
				COPY_PHASE_STRIP = NO;
				DEBUG_INFORMATION_FORMAT = dwarf;
				ENABLE_STRICT_OBJC_MSGSEND = YES;
				ENABLE_TESTABILITY = YES;
				GCC_C_LANGUAGE_STANDARD = gnu99;
				GCC_DYNAMIC_NO_PIC = NO;
				GCC_NO_COMMON_BLOCKS = YES;
				GCC_OPTIMIZATION_LEVEL = 0;
				GCC_PREPROCESSOR_DEFINITIONS = (
					"DEBUG=1",
					"$(inherited)",
				);
				GCC_WARN_64_TO_32_BIT_CONVERSION = YES;
				GCC_WARN_ABOUT_RETURN_TYPE = YES_ERROR;
				GCC_WARN_UNDECLARED_SELECTOR = YES;
				GCC_WARN_UNINITIALIZED_AUTOS = YES_AGGRESSIVE;
				GCC_WARN_UNUSED_FUNCTION = YES;
				GCC_WARN_UNUSED_VARIABLE = YES;
				IPHONEOS_DEPLOYMENT_TARGET = 10.2;
				MTL_ENABLE_DEBUG_INFO = YES;
				ONLY_ACTIVE_ARCH = YES;
				SDKROOT = iphoneos;
				SWIFT_ACTIVE_COMPILATION_CONDITIONS = DEBUG;
				SWIFT_OPTIMIZATION_LEVEL = "-Onone";
				TARGETED_DEVICE_FAMILY = "1,2";
			};
			name = Debug;
		};
		B105E04E1E499E87004331E9 /* Release */ = {
			isa = XCBuildConfiguration;
			buildSettings = {
				ALWAYS_SEARCH_USER_PATHS = NO;
				CLANG_ANALYZER_NONNULL = YES;
				CLANG_CXX_LANGUAGE_STANDARD = "gnu++0x";
				CLANG_CXX_LIBRARY = "libc++";
				CLANG_ENABLE_MODULES = YES;
				CLANG_ENABLE_OBJC_ARC = YES;
				CLANG_WARN_BOOL_CONVERSION = YES;
				CLANG_WARN_CONSTANT_CONVERSION = YES;
				CLANG_WARN_DIRECT_OBJC_ISA_USAGE = YES_ERROR;
				CLANG_WARN_DOCUMENTATION_COMMENTS = YES;
				CLANG_WARN_EMPTY_BODY = YES;
				CLANG_WARN_ENUM_CONVERSION = YES;
				CLANG_WARN_INFINITE_RECURSION = YES;
				CLANG_WARN_INT_CONVERSION = YES;
				CLANG_WARN_OBJC_ROOT_CLASS = YES_ERROR;
				CLANG_WARN_SUSPICIOUS_MOVE = YES;
				CLANG_WARN_UNREACHABLE_CODE = YES;
				CLANG_WARN__DUPLICATE_METHOD_MATCH = YES;
				"CODE_SIGN_IDENTITY[sdk=iphoneos*]" = "iPhone Developer";
				COPY_PHASE_STRIP = NO;
				DEBUG_INFORMATION_FORMAT = "dwarf-with-dsym";
				ENABLE_NS_ASSERTIONS = NO;
				ENABLE_STRICT_OBJC_MSGSEND = YES;
				GCC_C_LANGUAGE_STANDARD = gnu99;
				GCC_NO_COMMON_BLOCKS = YES;
				GCC_WARN_64_TO_32_BIT_CONVERSION = YES;
				GCC_WARN_ABOUT_RETURN_TYPE = YES_ERROR;
				GCC_WARN_UNDECLARED_SELECTOR = YES;
				GCC_WARN_UNINITIALIZED_AUTOS = YES_AGGRESSIVE;
				GCC_WARN_UNUSED_FUNCTION = YES;
				GCC_WARN_UNUSED_VARIABLE = YES;
				IPHONEOS_DEPLOYMENT_TARGET = 10.2;
				MTL_ENABLE_DEBUG_INFO = NO;
				SDKROOT = iphoneos;
				SWIFT_OPTIMIZATION_LEVEL = "-Owholemodule";
				TARGETED_DEVICE_FAMILY = "1,2";
				VALIDATE_PRODUCT = YES;
			};
			name = Release;
		};
		B105E0501E499E87004331E9 /* Debug */ = {
			isa = XCBuildConfiguration;
			baseConfigurationReference = 2C5D0846B67A02AA3FF1F1E7 /* Pods-Linder.debug.xcconfig */;
			buildSettings = {
				ASSETCATALOG_COMPILER_APPICON_NAME = AppIcon;
				DEVELOPMENT_TEAM = 76433YZMGR;
				INFOPLIST_FILE = Linder/Info.plist;
				LD_RUNPATH_SEARCH_PATHS = "$(inherited) @executable_path/Frameworks";
				PRODUCT_BUNDLE_IDENTIFIER = linder;
				PRODUCT_NAME = "$(TARGET_NAME)";
				SWIFT_VERSION = 3.0;
			};
			name = Debug;
		};
		B105E0511E499E87004331E9 /* Release */ = {
			isa = XCBuildConfiguration;
			baseConfigurationReference = 755550BDAD3A91E83405E0A2 /* Pods-Linder.release.xcconfig */;
			buildSettings = {
				ASSETCATALOG_COMPILER_APPICON_NAME = AppIcon;
				DEVELOPMENT_TEAM = 76433YZMGR;
				INFOPLIST_FILE = Linder/Info.plist;
				LD_RUNPATH_SEARCH_PATHS = "$(inherited) @executable_path/Frameworks";
				PRODUCT_BUNDLE_IDENTIFIER = linder;
				PRODUCT_NAME = "$(TARGET_NAME)";
				SWIFT_VERSION = 3.0;
			};
			name = Release;
		};
/* End XCBuildConfiguration section */

/* Begin XCConfigurationList section */
		B105E0361E499E87004331E9 /* Build configuration list for PBXProject "Linder" */ = {
			isa = XCConfigurationList;
			buildConfigurations = (
				B105E04D1E499E87004331E9 /* Debug */,
				B105E04E1E499E87004331E9 /* Release */,
			);
			defaultConfigurationIsVisible = 0;
			defaultConfigurationName = Release;
		};
		B105E04F1E499E87004331E9 /* Build configuration list for PBXNativeTarget "Linder" */ = {
			isa = XCConfigurationList;
			buildConfigurations = (
				B105E0501E499E87004331E9 /* Debug */,
				B105E0511E499E87004331E9 /* Release */,
			);
			defaultConfigurationIsVisible = 0;
			defaultConfigurationName = Release;
		};
/* End XCConfigurationList section */
	};
	rootObject = B105E0331E499E87004331E9 /* Project object */;
}
